// !$*UTF8*$!
{
	archiveVersion = 1;
	classes = {
	};
	objectVersion = 55;
	objects = {

/* Begin PBXBuildFile section */
		F42409F0275D5B81009B5A32 /* Tests_iOS.swift in Sources */ = {isa = PBXBuildFile; fileRef = F42409EF275D5B81009B5A32 /* Tests_iOS.swift */; };
		F42409F2275D5B81009B5A32 /* Tests_iOSLaunchTests.swift in Sources */ = {isa = PBXBuildFile; fileRef = F42409F1275D5B81009B5A32 /* Tests_iOSLaunchTests.swift */; };
		F42409FC275D5B81009B5A32 /* Tests_macOS.swift in Sources */ = {isa = PBXBuildFile; fileRef = F42409FB275D5B81009B5A32 /* Tests_macOS.swift */; };
		F42409FE275D5B81009B5A32 /* Tests_macOSLaunchTests.swift in Sources */ = {isa = PBXBuildFile; fileRef = F42409FD275D5B81009B5A32 /* Tests_macOSLaunchTests.swift */; };
		F42409FF275D5B81009B5A32 /* WheatherFAll.xcdatamodeld in Sources */ = {isa = PBXBuildFile; fileRef = F42409D4275D5B7C009B5A32 /* WheatherFAll.xcdatamodeld */; };
		F4240A00275D5B81009B5A32 /* WheatherFAll.xcdatamodeld in Sources */ = {isa = PBXBuildFile; fileRef = F42409D4275D5B7C009B5A32 /* WheatherFAll.xcdatamodeld */; };
		F4240A01275D5B81009B5A32 /* WheatherFAllApp.swift in Sources */ = {isa = PBXBuildFile; fileRef = F42409D6275D5B7C009B5A32 /* WheatherFAllApp.swift */; };
		F4240A02275D5B81009B5A32 /* WheatherFAllApp.swift in Sources */ = {isa = PBXBuildFile; fileRef = F42409D6275D5B7C009B5A32 /* WheatherFAllApp.swift */; };
		F4240A03275D5B81009B5A32 /* ContentView.swift in Sources */ = {isa = PBXBuildFile; fileRef = F42409D7275D5B7C009B5A32 /* ContentView.swift */; };
		F4240A04275D5B81009B5A32 /* ContentView.swift in Sources */ = {isa = PBXBuildFile; fileRef = F42409D7275D5B7C009B5A32 /* ContentView.swift */; };
		F4240A05275D5B81009B5A32 /* Persistence.swift in Sources */ = {isa = PBXBuildFile; fileRef = F42409D8275D5B7C009B5A32 /* Persistence.swift */; };
		F4240A06275D5B81009B5A32 /* Persistence.swift in Sources */ = {isa = PBXBuildFile; fileRef = F42409D8275D5B7C009B5A32 /* Persistence.swift */; };
		F4240A07275D5B81009B5A32 /* Assets.xcassets in Resources */ = {isa = PBXBuildFile; fileRef = F42409D9275D5B80009B5A32 /* Assets.xcassets */; };
		F4240A08275D5B81009B5A32 /* Assets.xcassets in Resources */ = {isa = PBXBuildFile; fileRef = F42409D9275D5B80009B5A32 /* Assets.xcassets */; };
		F4240A1D275D600E009B5A32 /* WeatherView.swift in Sources */ = {isa = PBXBuildFile; fileRef = F4240A1C275D600E009B5A32 /* WeatherView.swift */; };
		F4240A1E275D600E009B5A32 /* WeatherView.swift in Sources */ = {isa = PBXBuildFile; fileRef = F4240A1C275D600E009B5A32 /* WeatherView.swift */; };
		F4240A22275D6248009B5A32 /* IconSystem.swift in Sources */ = {isa = PBXBuildFile; fileRef = F4240A21275D6248009B5A32 /* IconSystem.swift */; };
		F4240A23275D6248009B5A32 /* IconSystem.swift in Sources */ = {isa = PBXBuildFile; fileRef = F4240A21275D6248009B5A32 /* IconSystem.swift */; };
		F4240A24275D6248009B5A32 /* IconSystem.swift in Sources */ = {isa = PBXBuildFile; fileRef = F4240A21275D6248009B5A32 /* IconSystem.swift */; };
		F4240A25275D6248009B5A32 /* IconSystem.swift in Sources */ = {isa = PBXBuildFile; fileRef = F4240A21275D6248009B5A32 /* IconSystem.swift */; };
		F4240A27275D6395009B5A32 /* WeatherData.swift in Sources */ = {isa = PBXBuildFile; fileRef = F4240A26275D6395009B5A32 /* WeatherData.swift */; };
		F4240A28275D6395009B5A32 /* WeatherData.swift in Sources */ = {isa = PBXBuildFile; fileRef = F4240A26275D6395009B5A32 /* WeatherData.swift */; };
		F4240A29275D6395009B5A32 /* WeatherData.swift in Sources */ = {isa = PBXBuildFile; fileRef = F4240A26275D6395009B5A32 /* WeatherData.swift */; };
		F4240A2A275D6395009B5A32 /* WeatherData.swift in Sources */ = {isa = PBXBuildFile; fileRef = F4240A26275D6395009B5A32 /* WeatherData.swift */; };
		F4240A2C275D6422009B5A32 /* ForecastData.swift in Sources */ = {isa = PBXBuildFile; fileRef = F4240A2B275D6422009B5A32 /* ForecastData.swift */; };
		F4240A2D275D6422009B5A32 /* ForecastData.swift in Sources */ = {isa = PBXBuildFile; fileRef = F4240A2B275D6422009B5A32 /* ForecastData.swift */; };
		F4240A2E275D6422009B5A32 /* ForecastData.swift in Sources */ = {isa = PBXBuildFile; fileRef = F4240A2B275D6422009B5A32 /* ForecastData.swift */; };
		F4240A2F275D6422009B5A32 /* ForecastData.swift in Sources */ = {isa = PBXBuildFile; fileRef = F4240A2B275D6422009B5A32 /* ForecastData.swift */; };
		F4240A31275D6528009B5A32 /* WeatherDataRequest.swift in Sources */ = {isa = PBXBuildFile; fileRef = F4240A30275D6528009B5A32 /* WeatherDataRequest.swift */; };
		F4240A32275D6528009B5A32 /* WeatherDataRequest.swift in Sources */ = {isa = PBXBuildFile; fileRef = F4240A30275D6528009B5A32 /* WeatherDataRequest.swift */; };
		F4240A33275D6528009B5A32 /* WeatherDataRequest.swift in Sources */ = {isa = PBXBuildFile; fileRef = F4240A30275D6528009B5A32 /* WeatherDataRequest.swift */; };
		F4240A34275D6528009B5A32 /* WeatherDataRequest.swift in Sources */ = {isa = PBXBuildFile; fileRef = F4240A30275D6528009B5A32 /* WeatherDataRequest.swift */; };
		F4240A36275D657E009B5A32 /* DefaultsData.swift in Sources */ = {isa = PBXBuildFile; fileRef = F4240A35275D657E009B5A32 /* DefaultsData.swift */; };
		F4240A37275D657E009B5A32 /* DefaultsData.swift in Sources */ = {isa = PBXBuildFile; fileRef = F4240A35275D657E009B5A32 /* DefaultsData.swift */; };
		F4240A38275D657E009B5A32 /* DefaultsData.swift in Sources */ = {isa = PBXBuildFile; fileRef = F4240A35275D657E009B5A32 /* DefaultsData.swift */; };
		F4240A39275D657E009B5A32 /* DefaultsData.swift in Sources */ = {isa = PBXBuildFile; fileRef = F4240A35275D657E009B5A32 /* DefaultsData.swift */; };
		F4240A3E275FE263009B5A32 /* WeatherDetailView.swift in Sources */ = {isa = PBXBuildFile; fileRef = F4240A3D275FE262009B5A32 /* WeatherDetailView.swift */; };
		F4240A3F275FE263009B5A32 /* WeatherDetailView.swift in Sources */ = {isa = PBXBuildFile; fileRef = F4240A3D275FE262009B5A32 /* WeatherDetailView.swift */; };
		F4240A40275FE264009B5A32 /* WeatherDetailView.swift in Sources */ = {isa = PBXBuildFile; fileRef = F4240A3D275FE262009B5A32 /* WeatherDetailView.swift */; };
		F4240A41275FE264009B5A32 /* WeatherDetailView.swift in Sources */ = {isa = PBXBuildFile; fileRef = F4240A3D275FE262009B5A32 /* WeatherDetailView.swift */; };
		F4240A43275FE302009B5A32 /* WeatherDetailRowView.swift in Sources */ = {isa = PBXBuildFile; fileRef = F4240A42275FE302009B5A32 /* WeatherDetailRowView.swift */; };
		F4240A44275FE302009B5A32 /* WeatherDetailRowView.swift in Sources */ = {isa = PBXBuildFile; fileRef = F4240A42275FE302009B5A32 /* WeatherDetailRowView.swift */; };
		F4240A45275FE302009B5A32 /* WeatherDetailRowView.swift in Sources */ = {isa = PBXBuildFile; fileRef = F4240A42275FE302009B5A32 /* WeatherDetailRowView.swift */; };
		F4240A46275FE302009B5A32 /* WeatherDetailRowView.swift in Sources */ = {isa = PBXBuildFile; fileRef = F4240A42275FE302009B5A32 /* WeatherDetailRowView.swift */; };
		F4240A4D276216C8009B5A32 /* AppTabNavigation.swift in Sources */ = {isa = PBXBuildFile; fileRef = F4240A4C276216C7009B5A32 /* AppTabNavigation.swift */; };
/* End PBXBuildFile section */

/* Begin PBXContainerItemProxy section */
		F42409EC275D5B81009B5A32 /* PBXContainerItemProxy */ = {
			isa = PBXContainerItemProxy;
			containerPortal = F42409CF275D5B7B009B5A32 /* Project object */;
			proxyType = 1;
			remoteGlobalIDString = F42409DD275D5B80009B5A32;
			remoteInfo = "WheatherFAll (iOS)";
		};
		F42409F8275D5B81009B5A32 /* PBXContainerItemProxy */ = {
			isa = PBXContainerItemProxy;
			containerPortal = F42409CF275D5B7B009B5A32 /* Project object */;
			proxyType = 1;
			remoteGlobalIDString = F42409E3275D5B80009B5A32;
			remoteInfo = "WheatherFAll (macOS)";
		};
/* End PBXContainerItemProxy section */

/* Begin PBXFileReference section */
		F42409D5275D5B7C009B5A32 /* Shared.xcdatamodel */ = {isa = PBXFileReference; lastKnownFileType = wrapper.xcdatamodel; path = Shared.xcdatamodel; sourceTree = "<group>"; };
		F42409D6275D5B7C009B5A32 /* WheatherFAllApp.swift */ = {isa = PBXFileReference; lastKnownFileType = sourcecode.swift; path = WheatherFAllApp.swift; sourceTree = "<group>"; };
		F42409D7275D5B7C009B5A32 /* ContentView.swift */ = {isa = PBXFileReference; lastKnownFileType = sourcecode.swift; path = ContentView.swift; sourceTree = "<group>"; };
		F42409D8275D5B7C009B5A32 /* Persistence.swift */ = {isa = PBXFileReference; lastKnownFileType = sourcecode.swift; path = Persistence.swift; sourceTree = "<group>"; };
		F42409D9275D5B80009B5A32 /* Assets.xcassets */ = {isa = PBXFileReference; lastKnownFileType = folder.assetcatalog; path = Assets.xcassets; sourceTree = "<group>"; };
		F42409DE275D5B80009B5A32 /* WheatherFAll.app */ = {isa = PBXFileReference; explicitFileType = wrapper.application; includeInIndex = 0; path = WheatherFAll.app; sourceTree = BUILT_PRODUCTS_DIR; };
		F42409E4275D5B80009B5A32 /* WheatherFAll.app */ = {isa = PBXFileReference; explicitFileType = wrapper.application; includeInIndex = 0; path = WheatherFAll.app; sourceTree = BUILT_PRODUCTS_DIR; };
		F42409E6275D5B81009B5A32 /* macOS.entitlements */ = {isa = PBXFileReference; lastKnownFileType = text.plist.entitlements; path = macOS.entitlements; sourceTree = "<group>"; };
		F42409EB275D5B81009B5A32 /* Tests iOS.xctest */ = {isa = PBXFileReference; explicitFileType = wrapper.cfbundle; includeInIndex = 0; path = "Tests iOS.xctest"; sourceTree = BUILT_PRODUCTS_DIR; };
		F42409EF275D5B81009B5A32 /* Tests_iOS.swift */ = {isa = PBXFileReference; lastKnownFileType = sourcecode.swift; path = Tests_iOS.swift; sourceTree = "<group>"; };
		F42409F1275D5B81009B5A32 /* Tests_iOSLaunchTests.swift */ = {isa = PBXFileReference; lastKnownFileType = sourcecode.swift; path = Tests_iOSLaunchTests.swift; sourceTree = "<group>"; };
		F42409F7275D5B81009B5A32 /* Tests macOS.xctest */ = {isa = PBXFileReference; explicitFileType = wrapper.cfbundle; includeInIndex = 0; path = "Tests macOS.xctest"; sourceTree = BUILT_PRODUCTS_DIR; };
		F42409FB275D5B81009B5A32 /* Tests_macOS.swift */ = {isa = PBXFileReference; lastKnownFileType = sourcecode.swift; path = Tests_macOS.swift; sourceTree = "<group>"; };
		F42409FD275D5B81009B5A32 /* Tests_macOSLaunchTests.swift */ = {isa = PBXFileReference; lastKnownFileType = sourcecode.swift; path = Tests_macOSLaunchTests.swift; sourceTree = "<group>"; };
		F4240A18275D5E42009B5A32 /* WheatherFAll (iOS).entitlements */ = {isa = PBXFileReference; lastKnownFileType = text.plist.entitlements; path = "WheatherFAll (iOS).entitlements"; sourceTree = "<group>"; };
		F4240A1C275D600E009B5A32 /* WeatherView.swift */ = {isa = PBXFileReference; lastKnownFileType = sourcecode.swift; path = WeatherView.swift; sourceTree = "<group>"; };
		F4240A21275D6248009B5A32 /* IconSystem.swift */ = {isa = PBXFileReference; lastKnownFileType = sourcecode.swift; path = IconSystem.swift; sourceTree = "<group>"; };
		F4240A26275D6395009B5A32 /* WeatherData.swift */ = {isa = PBXFileReference; lastKnownFileType = sourcecode.swift; path = WeatherData.swift; sourceTree = "<group>"; };
		F4240A2B275D6422009B5A32 /* ForecastData.swift */ = {isa = PBXFileReference; lastKnownFileType = sourcecode.swift; path = ForecastData.swift; sourceTree = "<group>"; };
		F4240A30275D6528009B5A32 /* WeatherDataRequest.swift */ = {isa = PBXFileReference; lastKnownFileType = sourcecode.swift; path = WeatherDataRequest.swift; sourceTree = "<group>"; };
		F4240A35275D657E009B5A32 /* DefaultsData.swift */ = {isa = PBXFileReference; lastKnownFileType = sourcecode.swift; path = DefaultsData.swift; sourceTree = "<group>"; };
		F4240A3D275FE262009B5A32 /* WeatherDetailView.swift */ = {isa = PBXFileReference; lastKnownFileType = sourcecode.swift; path = WeatherDetailView.swift; sourceTree = "<group>"; };
		F4240A42275FE302009B5A32 /* WeatherDetailRowView.swift */ = {isa = PBXFileReference; lastKnownFileType = sourcecode.swift; path = WeatherDetailRowView.swift; sourceTree = "<group>"; };
		F4240A482761E850009B5A32 /* Info.plist */ = {isa = PBXFileReference; fileEncoding = 4; lastKnownFileType = text.plist.xml; path = Info.plist; sourceTree = "<group>"; };
		F4240A4A2761E871009B5A32 /* Info.plist */ = {isa = PBXFileReference; fileEncoding = 4; lastKnownFileType = text.plist.xml; path = Info.plist; sourceTree = "<group>"; };
		F4240A4C276216C7009B5A32 /* AppTabNavigation.swift */ = {isa = PBXFileReference; lastKnownFileType = sourcecode.swift; path = AppTabNavigation.swift; sourceTree = "<group>"; };
		F4240A4E276230A2009B5A32 /* README.txt */ = {isa = PBXFileReference; lastKnownFileType = text; path = README.txt; sourceTree = "<group>"; };
		F4240A4F276230BC009B5A32 /* README.md */ = {isa = PBXFileReference; lastKnownFileType = net.daringfireball.markdown; path = README.md; sourceTree = "<group>"; };
/* End PBXFileReference section */

/* Begin PBXFrameworksBuildPhase section */
		F42409DB275D5B80009B5A32 /* Frameworks */ = {
			isa = PBXFrameworksBuildPhase;
			buildActionMask = 2147483647;
			files = (
			);
			runOnlyForDeploymentPostprocessing = 0;
		};
		F42409E1275D5B80009B5A32 /* Frameworks */ = {
			isa = PBXFrameworksBuildPhase;
			buildActionMask = 2147483647;
			files = (
			);
			runOnlyForDeploymentPostprocessing = 0;
		};
		F42409E8275D5B81009B5A32 /* Frameworks */ = {
			isa = PBXFrameworksBuildPhase;
			buildActionMask = 2147483647;
			files = (
			);
			runOnlyForDeploymentPostprocessing = 0;
		};
		F42409F4275D5B81009B5A32 /* Frameworks */ = {
			isa = PBXFrameworksBuildPhase;
			buildActionMask = 2147483647;
			files = (
			);
			runOnlyForDeploymentPostprocessing = 0;
		};
/* End PBXFrameworksBuildPhase section */

/* Begin PBXGroup section */
		F42409CE275D5B7B009B5A32 = {
			isa = PBXGroup;
			children = (
				F4240A4F276230BC009B5A32 /* README.md */,
				F4240A4E276230A2009B5A32 /* README.txt */,
				F4240A18275D5E42009B5A32 /* WheatherFAll (iOS).entitlements */,
				F42409D3275D5B7C009B5A32 /* Shared */,
				F4240A472761E83E009B5A32 /* iOS */,
				F42409E5275D5B81009B5A32 /* macOS */,
				F42409EE275D5B81009B5A32 /* Tests iOS */,
				F42409FA275D5B81009B5A32 /* Tests macOS */,
				F42409DF275D5B80009B5A32 /* Products */,
			);
			sourceTree = "<group>";
		};
		F42409D3275D5B7C009B5A32 /* Shared */ = {
			isa = PBXGroup;
			children = (
				F42409D6275D5B7C009B5A32 /* WheatherFAllApp.swift */,
				F42409D8275D5B7C009B5A32 /* Persistence.swift */,
				F42409D7275D5B7C009B5A32 /* ContentView.swift */,
				F4240A1C275D600E009B5A32 /* WeatherView.swift */,
				F4240A3D275FE262009B5A32 /* WeatherDetailView.swift */,
				F4240A42275FE302009B5A32 /* WeatherDetailRowView.swift */,
				F4240A17275D5DE7009B5A32 /* DataModel */,
				F42409D9275D5B80009B5A32 /* Assets.xcassets */,
				F42409D4275D5B7C009B5A32 /* WheatherFAll.xcdatamodeld */,
			);
			path = Shared;
			sourceTree = "<group>";
		};
		F42409DF275D5B80009B5A32 /* Products */ = {
			isa = PBXGroup;
			children = (
				F42409DE275D5B80009B5A32 /* WheatherFAll.app */,
				F42409E4275D5B80009B5A32 /* WheatherFAll.app */,
				F42409EB275D5B81009B5A32 /* Tests iOS.xctest */,
				F42409F7275D5B81009B5A32 /* Tests macOS.xctest */,
			);
			name = Products;
			sourceTree = "<group>";
		};
		F42409E5275D5B81009B5A32 /* macOS */ = {
			isa = PBXGroup;
			children = (
				F42409E6275D5B81009B5A32 /* macOS.entitlements */,
				F4240A4A2761E871009B5A32 /* Info.plist */,
			);
			path = macOS;
			sourceTree = "<group>";
		};
		F42409EE275D5B81009B5A32 /* Tests iOS */ = {
			isa = PBXGroup;
			children = (
				F42409EF275D5B81009B5A32 /* Tests_iOS.swift */,
				F42409F1275D5B81009B5A32 /* Tests_iOSLaunchTests.swift */,
			);
			path = "Tests iOS";
			sourceTree = "<group>";
		};
		F42409FA275D5B81009B5A32 /* Tests macOS */ = {
			isa = PBXGroup;
			children = (
				F42409FB275D5B81009B5A32 /* Tests_macOS.swift */,
				F42409FD275D5B81009B5A32 /* Tests_macOSLaunchTests.swift */,
			);
			path = "Tests macOS";
			sourceTree = "<group>";
		};
		F4240A17275D5DE7009B5A32 /* DataModel */ = {
			isa = PBXGroup;
			children = (
				F4240A21275D6248009B5A32 /* IconSystem.swift */,
				F4240A26275D6395009B5A32 /* WeatherData.swift */,
				F4240A2B275D6422009B5A32 /* ForecastData.swift */,
				F4240A30275D6528009B5A32 /* WeatherDataRequest.swift */,
				F4240A35275D657E009B5A32 /* DefaultsData.swift */,
			);
			path = DataModel;
			sourceTree = "<group>";
		};
		F4240A472761E83E009B5A32 /* iOS */ = {
			isa = PBXGroup;
			children = (
				F4240A482761E850009B5A32 /* Info.plist */,
				F4240A4C276216C7009B5A32 /* AppTabNavigation.swift */,
			);
			path = iOS;
			sourceTree = "<group>";
		};
/* End PBXGroup section */

/* Begin PBXNativeTarget section */
		F42409DD275D5B80009B5A32 /* WheatherFAll (iOS) */ = {
			isa = PBXNativeTarget;
			buildConfigurationList = F4240A0B275D5B81009B5A32 /* Build configuration list for PBXNativeTarget "WheatherFAll (iOS)" */;
			buildPhases = (
				F42409DA275D5B80009B5A32 /* Sources */,
				F42409DB275D5B80009B5A32 /* Frameworks */,
				F42409DC275D5B80009B5A32 /* Resources */,
			);
			buildRules = (
			);
			dependencies = (
			);
			name = "WheatherFAll (iOS)";
			packageProductDependencies = (
			);
			productName = "WheatherFAll (iOS)";
			productReference = F42409DE275D5B80009B5A32 /* WheatherFAll.app */;
			productType = "com.apple.product-type.application";
		};
		F42409E3275D5B80009B5A32 /* WheatherFAll (macOS) */ = {
			isa = PBXNativeTarget;
			buildConfigurationList = F4240A0E275D5B81009B5A32 /* Build configuration list for PBXNativeTarget "WheatherFAll (macOS)" */;
			buildPhases = (
				F42409E0275D5B80009B5A32 /* Sources */,
				F42409E1275D5B80009B5A32 /* Frameworks */,
				F42409E2275D5B80009B5A32 /* Resources */,
			);
			buildRules = (
			);
			dependencies = (
			);
			name = "WheatherFAll (macOS)";
			productName = "WheatherFAll (macOS)";
			productReference = F42409E4275D5B80009B5A32 /* WheatherFAll.app */;
			productType = "com.apple.product-type.application";
		};
		F42409EA275D5B81009B5A32 /* Tests iOS */ = {
			isa = PBXNativeTarget;
			buildConfigurationList = F4240A11275D5B81009B5A32 /* Build configuration list for PBXNativeTarget "Tests iOS" */;
			buildPhases = (
				F42409E7275D5B81009B5A32 /* Sources */,
				F42409E8275D5B81009B5A32 /* Frameworks */,
				F42409E9275D5B81009B5A32 /* Resources */,
			);
			buildRules = (
			);
			dependencies = (
				F42409ED275D5B81009B5A32 /* PBXTargetDependency */,
			);
			name = "Tests iOS";
			productName = "Tests iOS";
			productReference = F42409EB275D5B81009B5A32 /* Tests iOS.xctest */;
			productType = "com.apple.product-type.bundle.ui-testing";
		};
		F42409F6275D5B81009B5A32 /* Tests macOS */ = {
			isa = PBXNativeTarget;
			buildConfigurationList = F4240A14275D5B81009B5A32 /* Build configuration list for PBXNativeTarget "Tests macOS" */;
			buildPhases = (
				F42409F3275D5B81009B5A32 /* Sources */,
				F42409F4275D5B81009B5A32 /* Frameworks */,
				F42409F5275D5B81009B5A32 /* Resources */,
			);
			buildRules = (
			);
			dependencies = (
				F42409F9275D5B81009B5A32 /* PBXTargetDependency */,
			);
			name = "Tests macOS";
			productName = "Tests macOS";
			productReference = F42409F7275D5B81009B5A32 /* Tests macOS.xctest */;
			productType = "com.apple.product-type.bundle.ui-testing";
		};
/* End PBXNativeTarget section */

/* Begin PBXProject section */
		F42409CF275D5B7B009B5A32 /* Project object */ = {
			isa = PBXProject;
			attributes = {
				BuildIndependentTargetsInParallel = 1;
				LastSwiftUpdateCheck = 1310;
				LastUpgradeCheck = 1310;
				TargetAttributes = {
					F42409DD275D5B80009B5A32 = {
						CreatedOnToolsVersion = 13.1;
					};
					F42409E3275D5B80009B5A32 = {
						CreatedOnToolsVersion = 13.1;
					};
					F42409EA275D5B81009B5A32 = {
						CreatedOnToolsVersion = 13.1;
						TestTargetID = F42409DD275D5B80009B5A32;
					};
					F42409F6275D5B81009B5A32 = {
						CreatedOnToolsVersion = 13.1;
						TestTargetID = F42409E3275D5B80009B5A32;
					};
				};
			};
			buildConfigurationList = F42409D2275D5B7B009B5A32 /* Build configuration list for PBXProject "WheatherFAll" */;
			compatibilityVersion = "Xcode 13.0";
			developmentRegion = en;
			hasScannedForEncodings = 0;
			knownRegions = (
				en,
				Base,
			);
			mainGroup = F42409CE275D5B7B009B5A32;
			packageReferences = (
			);
			productRefGroup = F42409DF275D5B80009B5A32 /* Products */;
			projectDirPath = "";
			projectRoot = "";
			targets = (
				F42409DD275D5B80009B5A32 /* WheatherFAll (iOS) */,
				F42409E3275D5B80009B5A32 /* WheatherFAll (macOS) */,
				F42409EA275D5B81009B5A32 /* Tests iOS */,
				F42409F6275D5B81009B5A32 /* Tests macOS */,
			);
		};
/* End PBXProject section */

/* Begin PBXResourcesBuildPhase section */
		F42409DC275D5B80009B5A32 /* Resources */ = {
			isa = PBXResourcesBuildPhase;
			buildActionMask = 2147483647;
			files = (
				F4240A07275D5B81009B5A32 /* Assets.xcassets in Resources */,
			);
			runOnlyForDeploymentPostprocessing = 0;
		};
		F42409E2275D5B80009B5A32 /* Resources */ = {
			isa = PBXResourcesBuildPhase;
			buildActionMask = 2147483647;
			files = (
				F4240A08275D5B81009B5A32 /* Assets.xcassets in Resources */,
			);
			runOnlyForDeploymentPostprocessing = 0;
		};
		F42409E9275D5B81009B5A32 /* Resources */ = {
			isa = PBXResourcesBuildPhase;
			buildActionMask = 2147483647;
			files = (
			);
			runOnlyForDeploymentPostprocessing = 0;
		};
		F42409F5275D5B81009B5A32 /* Resources */ = {
			isa = PBXResourcesBuildPhase;
			buildActionMask = 2147483647;
			files = (
			);
			runOnlyForDeploymentPostprocessing = 0;
		};
/* End PBXResourcesBuildPhase section */

/* Begin PBXSourcesBuildPhase section */
		F42409DA275D5B80009B5A32 /* Sources */ = {
			isa = PBXSourcesBuildPhase;
			buildActionMask = 2147483647;
			files = (
				F4240A1D275D600E009B5A32 /* WeatherView.swift in Sources */,
				F4240A36275D657E009B5A32 /* DefaultsData.swift in Sources */,
				F4240A01275D5B81009B5A32 /* WheatherFAllApp.swift in Sources */,
				F4240A27275D6395009B5A32 /* WeatherData.swift in Sources */,
				F4240A3E275FE263009B5A32 /* WeatherDetailView.swift in Sources */,
				F4240A31275D6528009B5A32 /* WeatherDataRequest.swift in Sources */,
				F4240A05275D5B81009B5A32 /* Persistence.swift in Sources */,
				F4240A22275D6248009B5A32 /* IconSystem.swift in Sources */,
				F4240A43275FE302009B5A32 /* WeatherDetailRowView.swift in Sources */,
				F42409FF275D5B81009B5A32 /* WheatherFAll.xcdatamodeld in Sources */,
				F4240A2C275D6422009B5A32 /* ForecastData.swift in Sources */,
				F4240A4D276216C8009B5A32 /* AppTabNavigation.swift in Sources */,
				F4240A03275D5B81009B5A32 /* ContentView.swift in Sources */,
			);
			runOnlyForDeploymentPostprocessing = 0;
		};
		F42409E0275D5B80009B5A32 /* Sources */ = {
			isa = PBXSourcesBuildPhase;
			buildActionMask = 2147483647;
			files = (
				F4240A1E275D600E009B5A32 /* WeatherView.swift in Sources */,
				F4240A37275D657E009B5A32 /* DefaultsData.swift in Sources */,
				F4240A02275D5B81009B5A32 /* WheatherFAllApp.swift in Sources */,
				F4240A28275D6395009B5A32 /* WeatherData.swift in Sources */,
				F4240A3F275FE263009B5A32 /* WeatherDetailView.swift in Sources */,
				F4240A32275D6528009B5A32 /* WeatherDataRequest.swift in Sources */,
				F4240A06275D5B81009B5A32 /* Persistence.swift in Sources */,
				F4240A23275D6248009B5A32 /* IconSystem.swift in Sources */,
				F4240A44275FE302009B5A32 /* WeatherDetailRowView.swift in Sources */,
				F4240A00275D5B81009B5A32 /* WheatherFAll.xcdatamodeld in Sources */,
				F4240A2D275D6422009B5A32 /* ForecastData.swift in Sources */,
				F4240A04275D5B81009B5A32 /* ContentView.swift in Sources */,
			);
			runOnlyForDeploymentPostprocessing = 0;
		};
		F42409E7275D5B81009B5A32 /* Sources */ = {
			isa = PBXSourcesBuildPhase;
			buildActionMask = 2147483647;
			files = (
				F4240A40275FE264009B5A32 /* WeatherDetailView.swift in Sources */,
				F4240A33275D6528009B5A32 /* WeatherDataRequest.swift in Sources */,
				F4240A45275FE302009B5A32 /* WeatherDetailRowView.swift in Sources */,
				F4240A24275D6248009B5A32 /* IconSystem.swift in Sources */,
				F42409F2275D5B81009B5A32 /* Tests_iOSLaunchTests.swift in Sources */,
				F4240A29275D6395009B5A32 /* WeatherData.swift in Sources */,
				F4240A2E275D6422009B5A32 /* ForecastData.swift in Sources */,
				F4240A38275D657E009B5A32 /* DefaultsData.swift in Sources */,
				F42409F0275D5B81009B5A32 /* Tests_iOS.swift in Sources */,
			);
			runOnlyForDeploymentPostprocessing = 0;
		};
		F42409F3275D5B81009B5A32 /* Sources */ = {
			isa = PBXSourcesBuildPhase;
			buildActionMask = 2147483647;
			files = (
				F4240A41275FE264009B5A32 /* WeatherDetailView.swift in Sources */,
				F4240A34275D6528009B5A32 /* WeatherDataRequest.swift in Sources */,
				F4240A46275FE302009B5A32 /* WeatherDetailRowView.swift in Sources */,
				F4240A25275D6248009B5A32 /* IconSystem.swift in Sources */,
				F42409FE275D5B81009B5A32 /* Tests_macOSLaunchTests.swift in Sources */,
				F4240A2A275D6395009B5A32 /* WeatherData.swift in Sources */,
				F4240A2F275D6422009B5A32 /* ForecastData.swift in Sources */,
				F4240A39275D657E009B5A32 /* DefaultsData.swift in Sources */,
				F42409FC275D5B81009B5A32 /* Tests_macOS.swift in Sources */,
			);
			runOnlyForDeploymentPostprocessing = 0;
		};
/* End PBXSourcesBuildPhase section */

/* Begin PBXTargetDependency section */
		F42409ED275D5B81009B5A32 /* PBXTargetDependency */ = {
			isa = PBXTargetDependency;
			target = F42409DD275D5B80009B5A32 /* WheatherFAll (iOS) */;
			targetProxy = F42409EC275D5B81009B5A32 /* PBXContainerItemProxy */;
		};
		F42409F9275D5B81009B5A32 /* PBXTargetDependency */ = {
			isa = PBXTargetDependency;
			target = F42409E3275D5B80009B5A32 /* WheatherFAll (macOS) */;
			targetProxy = F42409F8275D5B81009B5A32 /* PBXContainerItemProxy */;
		};
/* End PBXTargetDependency section */

/* Begin XCBuildConfiguration section */
		F4240A09275D5B81009B5A32 /* Debug */ = {
			isa = XCBuildConfiguration;
			buildSettings = {
				ALWAYS_SEARCH_USER_PATHS = NO;
				CLANG_ANALYZER_NONNULL = YES;
				CLANG_ANALYZER_NUMBER_OBJECT_CONVERSION = YES_AGGRESSIVE;
				CLANG_CXX_LANGUAGE_STANDARD = "gnu++17";
				CLANG_CXX_LIBRARY = "libc++";
				CLANG_ENABLE_MODULES = YES;
				CLANG_ENABLE_OBJC_ARC = YES;
				CLANG_ENABLE_OBJC_WEAK = YES;
				CLANG_WARN_BLOCK_CAPTURE_AUTORELEASING = YES;
				CLANG_WARN_BOOL_CONVERSION = YES;
				CLANG_WARN_COMMA = YES;
				CLANG_WARN_CONSTANT_CONVERSION = YES;
				CLANG_WARN_DEPRECATED_OBJC_IMPLEMENTATIONS = YES;
				CLANG_WARN_DIRECT_OBJC_ISA_USAGE = YES_ERROR;
				CLANG_WARN_DOCUMENTATION_COMMENTS = YES;
				CLANG_WARN_EMPTY_BODY = YES;
				CLANG_WARN_ENUM_CONVERSION = YES;
				CLANG_WARN_INFINITE_RECURSION = YES;
				CLANG_WARN_INT_CONVERSION = YES;
				CLANG_WARN_NON_LITERAL_NULL_CONVERSION = YES;
				CLANG_WARN_OBJC_IMPLICIT_RETAIN_SELF = YES;
				CLANG_WARN_OBJC_LITERAL_CONVERSION = YES;
				CLANG_WARN_OBJC_ROOT_CLASS = YES_ERROR;
				CLANG_WARN_QUOTED_INCLUDE_IN_FRAMEWORK_HEADER = YES;
				CLANG_WARN_RANGE_LOOP_ANALYSIS = YES;
				CLANG_WARN_STRICT_PROTOTYPES = YES;
				CLANG_WARN_SUSPICIOUS_MOVE = YES;
				CLANG_WARN_UNGUARDED_AVAILABILITY = YES_AGGRESSIVE;
				CLANG_WARN_UNREACHABLE_CODE = YES;
				CLANG_WARN__DUPLICATE_METHOD_MATCH = YES;
				COPY_PHASE_STRIP = NO;
				DEBUG_INFORMATION_FORMAT = dwarf;
				ENABLE_STRICT_OBJC_MSGSEND = YES;
				ENABLE_TESTABILITY = YES;
				GCC_C_LANGUAGE_STANDARD = gnu11;
				GCC_DYNAMIC_NO_PIC = NO;
				GCC_NO_COMMON_BLOCKS = YES;
				GCC_OPTIMIZATION_LEVEL = 0;
				GCC_PREPROCESSOR_DEFINITIONS = (
					"DEBUG=1",
					"$(inherited)",
				);
				GCC_WARN_64_TO_32_BIT_CONVERSION = YES;
				GCC_WARN_ABOUT_RETURN_TYPE = YES_ERROR;
				GCC_WARN_UNDECLARED_SELECTOR = YES;
				GCC_WARN_UNINITIALIZED_AUTOS = YES_AGGRESSIVE;
				GCC_WARN_UNUSED_FUNCTION = YES;
				GCC_WARN_UNUSED_VARIABLE = YES;
				MTL_ENABLE_DEBUG_INFO = INCLUDE_SOURCE;
				MTL_FAST_MATH = YES;
				ONLY_ACTIVE_ARCH = YES;
				SWIFT_ACTIVE_COMPILATION_CONDITIONS = DEBUG;
				SWIFT_OPTIMIZATION_LEVEL = "-Onone";
			};
			name = Debug;
		};
		F4240A0A275D5B81009B5A32 /* Release */ = {
			isa = XCBuildConfiguration;
			buildSettings = {
				ALWAYS_SEARCH_USER_PATHS = NO;
				CLANG_ANALYZER_NONNULL = YES;
				CLANG_ANALYZER_NUMBER_OBJECT_CONVERSION = YES_AGGRESSIVE;
				CLANG_CXX_LANGUAGE_STANDARD = "gnu++17";
				CLANG_CXX_LIBRARY = "libc++";
				CLANG_ENABLE_MODULES = YES;
				CLANG_ENABLE_OBJC_ARC = YES;
				CLANG_ENABLE_OBJC_WEAK = YES;
				CLANG_WARN_BLOCK_CAPTURE_AUTORELEASING = YES;
				CLANG_WARN_BOOL_CONVERSION = YES;
				CLANG_WARN_COMMA = YES;
				CLANG_WARN_CONSTANT_CONVERSION = YES;
				CLANG_WARN_DEPRECATED_OBJC_IMPLEMENTATIONS = YES;
				CLANG_WARN_DIRECT_OBJC_ISA_USAGE = YES_ERROR;
				CLANG_WARN_DOCUMENTATION_COMMENTS = YES;
				CLANG_WARN_EMPTY_BODY = YES;
				CLANG_WARN_ENUM_CONVERSION = YES;
				CLANG_WARN_INFINITE_RECURSION = YES;
				CLANG_WARN_INT_CONVERSION = YES;
				CLANG_WARN_NON_LITERAL_NULL_CONVERSION = YES;
				CLANG_WARN_OBJC_IMPLICIT_RETAIN_SELF = YES;
				CLANG_WARN_OBJC_LITERAL_CONVERSION = YES;
				CLANG_WARN_OBJC_ROOT_CLASS = YES_ERROR;
				CLANG_WARN_QUOTED_INCLUDE_IN_FRAMEWORK_HEADER = YES;
				CLANG_WARN_RANGE_LOOP_ANALYSIS = YES;
				CLANG_WARN_STRICT_PROTOTYPES = YES;
				CLANG_WARN_SUSPICIOUS_MOVE = YES;
				CLANG_WARN_UNGUARDED_AVAILABILITY = YES_AGGRESSIVE;
				CLANG_WARN_UNREACHABLE_CODE = YES;
				CLANG_WARN__DUPLICATE_METHOD_MATCH = YES;
				COPY_PHASE_STRIP = NO;
				DEBUG_INFORMATION_FORMAT = "dwarf-with-dsym";
				ENABLE_NS_ASSERTIONS = NO;
				ENABLE_STRICT_OBJC_MSGSEND = YES;
				GCC_C_LANGUAGE_STANDARD = gnu11;
				GCC_NO_COMMON_BLOCKS = YES;
				GCC_WARN_64_TO_32_BIT_CONVERSION = YES;
				GCC_WARN_ABOUT_RETURN_TYPE = YES_ERROR;
				GCC_WARN_UNDECLARED_SELECTOR = YES;
				GCC_WARN_UNINITIALIZED_AUTOS = YES_AGGRESSIVE;
				GCC_WARN_UNUSED_FUNCTION = YES;
				GCC_WARN_UNUSED_VARIABLE = YES;
				MTL_ENABLE_DEBUG_INFO = NO;
				MTL_FAST_MATH = YES;
				SWIFT_COMPILATION_MODE = wholemodule;
				SWIFT_OPTIMIZATION_LEVEL = "-O";
			};
			name = Release;
		};
		F4240A0C275D5B81009B5A32 /* Debug */ = {
			isa = XCBuildConfiguration;
			buildSettings = {
				ASSETCATALOG_COMPILER_APPICON_NAME = AppIcon;
				ASSETCATALOG_COMPILER_GLOBAL_ACCENT_COLOR_NAME = AccentColor;
				CODE_SIGN_ENTITLEMENTS = "WheatherFAll (iOS).entitlements";
				CODE_SIGN_STYLE = Automatic;
				CURRENT_PROJECT_VERSION = 1;
				DEVELOPMENT_TEAM = RGC4NW33H6;
				ENABLE_PREVIEWS = YES;
				GENERATE_INFOPLIST_FILE = YES;
				INFOPLIST_KEY_UIApplicationSceneManifest_Generation = YES;
				INFOPLIST_KEY_UIApplicationSupportsIndirectInputEvents = YES;
				INFOPLIST_KEY_UILaunchScreen_Generation = YES;
				INFOPLIST_KEY_UISupportedInterfaceOrientations_iPad = "UIInterfaceOrientationPortrait UIInterfaceOrientationPortraitUpsideDown UIInterfaceOrientationLandscapeLeft UIInterfaceOrientationLandscapeRight";
				INFOPLIST_KEY_UISupportedInterfaceOrientations_iPhone = "UIInterfaceOrientationPortrait UIInterfaceOrientationLandscapeLeft UIInterfaceOrientationLandscapeRight";
				IPHONEOS_DEPLOYMENT_TARGET = 14.0;
				LD_RUNPATH_SEARCH_PATHS = (
					"$(inherited)",
					"@executable_path/Frameworks",
				);
				MARKETING_VERSION = 1.0;
				PRODUCT_BUNDLE_IDENTIFIER = com.S10House.WheatherFAll;
				PRODUCT_NAME = WheatherFAll;
				SDKROOT = iphoneos;
				SUPPORTS_MACCATALYST = YES;
				SWIFT_EMIT_LOC_STRINGS = YES;
				SWIFT_VERSION = 5.0;
				TARGETED_DEVICE_FAMILY = "1,2";
			};
			name = Debug;
		};
		F4240A0D275D5B81009B5A32 /* Release */ = {
			isa = XCBuildConfiguration;
			buildSettings = {
				ASSETCATALOG_COMPILER_APPICON_NAME = AppIcon;
				ASSETCATALOG_COMPILER_GLOBAL_ACCENT_COLOR_NAME = AccentColor;
				CODE_SIGN_ENTITLEMENTS = "WheatherFAll (iOS).entitlements";
				CODE_SIGN_STYLE = Automatic;
				CURRENT_PROJECT_VERSION = 1;
				DEVELOPMENT_TEAM = RGC4NW33H6;
				ENABLE_PREVIEWS = YES;
				GENERATE_INFOPLIST_FILE = YES;
				INFOPLIST_KEY_UIApplicationSceneManifest_Generation = YES;
				INFOPLIST_KEY_UIApplicationSupportsIndirectInputEvents = YES;
				INFOPLIST_KEY_UILaunchScreen_Generation = YES;
				INFOPLIST_KEY_UISupportedInterfaceOrientations_iPad = "UIInterfaceOrientationPortrait UIInterfaceOrientationPortraitUpsideDown UIInterfaceOrientationLandscapeLeft UIInterfaceOrientationLandscapeRight";
				INFOPLIST_KEY_UISupportedInterfaceOrientations_iPhone = "UIInterfaceOrientationPortrait UIInterfaceOrientationLandscapeLeft UIInterfaceOrientationLandscapeRight";
				IPHONEOS_DEPLOYMENT_TARGET = 14.0;
				LD_RUNPATH_SEARCH_PATHS = (
					"$(inherited)",
					"@executable_path/Frameworks",
				);
				MARKETING_VERSION = 1.0;
				PRODUCT_BUNDLE_IDENTIFIER = com.S10House.WheatherFAll;
				PRODUCT_NAME = WheatherFAll;
				SDKROOT = iphoneos;
				SUPPORTS_MACCATALYST = YES;
				SWIFT_EMIT_LOC_STRINGS = YES;
				SWIFT_VERSION = 5.0;
				TARGETED_DEVICE_FAMILY = "1,2";
				VALIDATE_PRODUCT = YES;
			};
			name = Release;
		};
		F4240A0F275D5B81009B5A32 /* Debug */ = {
			isa = XCBuildConfiguration;
			buildSettings = {
				ASSETCATALOG_COMPILER_APPICON_NAME = AppIcon;
				ASSETCATALOG_COMPILER_GLOBAL_ACCENT_COLOR_NAME = AccentColor;
				CODE_SIGN_ENTITLEMENTS = macOS/macOS.entitlements;
				CODE_SIGN_STYLE = Automatic;
				COMBINE_HIDPI_IMAGES = YES;
				CURRENT_PROJECT_VERSION = 1;
				DEVELOPMENT_TEAM = RGC4NW33H6;
				ENABLE_HARDENED_RUNTIME = YES;
				ENABLE_PREVIEWS = YES;
				GENERATE_INFOPLIST_FILE = YES;
				INFOPLIST_KEY_NSHumanReadableCopyright = "";
				LD_RUNPATH_SEARCH_PATHS = (
					"$(inherited)",
					"@executable_path/../Frameworks",
				);
				MACOSX_DEPLOYMENT_TARGET = 11.6;
				MARKETING_VERSION = 1.0;
				PRODUCT_BUNDLE_IDENTIFIER = com.S10House.WheatherFAll;
				PRODUCT_NAME = WheatherFAll;
				SDKROOT = macosx;
				SWIFT_EMIT_LOC_STRINGS = YES;
				SWIFT_VERSION = 5.0;
			};
			name = Debug;
		};
		F4240A10275D5B81009B5A32 /* Release */ = {
			isa = XCBuildConfiguration;
			buildSettings = {
				ASSETCATALOG_COMPILER_APPICON_NAME = AppIcon;
				ASSETCATALOG_COMPILER_GLOBAL_ACCENT_COLOR_NAME = AccentColor;
				CODE_SIGN_ENTITLEMENTS = macOS/macOS.entitlements;
				CODE_SIGN_STYLE = Automatic;
				COMBINE_HIDPI_IMAGES = YES;
				CURRENT_PROJECT_VERSION = 1;
				DEVELOPMENT_TEAM = RGC4NW33H6;
				ENABLE_HARDENED_RUNTIME = YES;
				ENABLE_PREVIEWS = YES;
				GENERATE_INFOPLIST_FILE = YES;
				INFOPLIST_KEY_NSHumanReadableCopyright = "";
				LD_RUNPATH_SEARCH_PATHS = (
					"$(inherited)",
					"@executable_path/../Frameworks",
				);
				MACOSX_DEPLOYMENT_TARGET = 11.6;
				MARKETING_VERSION = 1.0;
				PRODUCT_BUNDLE_IDENTIFIER = com.S10House.WheatherFAll;
				PRODUCT_NAME = WheatherFAll;
				SDKROOT = macosx;
				SWIFT_EMIT_LOC_STRINGS = YES;
				SWIFT_VERSION = 5.0;
			};
			name = Release;
		};
		F4240A12275D5B81009B5A32 /* Debug */ = {
			isa = XCBuildConfiguration;
			buildSettings = {
				ALWAYS_EMBED_SWIFT_STANDARD_LIBRARIES = YES;
				CODE_SIGN_STYLE = Automatic;
				CURRENT_PROJECT_VERSION = 1;
				DEVELOPMENT_TEAM = RGC4NW33H6;
				GENERATE_INFOPLIST_FILE = YES;
				IPHONEOS_DEPLOYMENT_TARGET = 15.0;
				LD_RUNPATH_SEARCH_PATHS = (
					"$(inherited)",
					"@executable_path/Frameworks",
					"@loader_path/Frameworks",
				);
				MARKETING_VERSION = 1.0;
				PRODUCT_BUNDLE_IDENTIFIER = "com.S10House.Tests-iOS";
				PRODUCT_NAME = "$(TARGET_NAME)";
				SDKROOT = iphoneos;
				SWIFT_EMIT_LOC_STRINGS = NO;
				SWIFT_VERSION = 5.0;
				TARGETED_DEVICE_FAMILY = "1,2";
				TEST_TARGET_NAME = "WheatherFAll (iOS)";
			};
			name = Debug;
		};
		F4240A13275D5B81009B5A32 /* Release */ = {
			isa = XCBuildConfiguration;
			buildSettings = {
				ALWAYS_EMBED_SWIFT_STANDARD_LIBRARIES = YES;
				CODE_SIGN_STYLE = Automatic;
				CURRENT_PROJECT_VERSION = 1;
				DEVELOPMENT_TEAM = RGC4NW33H6;
				GENERATE_INFOPLIST_FILE = YES;
				IPHONEOS_DEPLOYMENT_TARGET = 15.0;
				LD_RUNPATH_SEARCH_PATHS = (
					"$(inherited)",
					"@executable_path/Frameworks",
					"@loader_path/Frameworks",
				);
				MARKETING_VERSION = 1.0;
				PRODUCT_BUNDLE_IDENTIFIER = "com.S10House.Tests-iOS";
				PRODUCT_NAME = "$(TARGET_NAME)";
				SDKROOT = iphoneos;
				SWIFT_EMIT_LOC_STRINGS = NO;
				SWIFT_VERSION = 5.0;
				TARGETED_DEVICE_FAMILY = "1,2";
				TEST_TARGET_NAME = "WheatherFAll (iOS)";
				VALIDATE_PRODUCT = YES;
			};
			name = Release;
		};
		F4240A15275D5B81009B5A32 /* Debug */ = {
			isa = XCBuildConfiguration;
			buildSettings = {
				ALWAYS_EMBED_SWIFT_STANDARD_LIBRARIES = YES;
				CODE_SIGN_STYLE = Automatic;
				COMBINE_HIDPI_IMAGES = YES;
				CURRENT_PROJECT_VERSION = 1;
				DEVELOPMENT_TEAM = RGC4NW33H6;
				GENERATE_INFOPLIST_FILE = YES;
				LD_RUNPATH_SEARCH_PATHS = (
					"$(inherited)",
					"@executable_path/../Frameworks",
					"@loader_path/../Frameworks",
				);
				MACOSX_DEPLOYMENT_TARGET = 11.6;
				MARKETING_VERSION = 1.0;
				PRODUCT_BUNDLE_IDENTIFIER = "com.S10House.Tests-macOS";
				PRODUCT_NAME = "$(TARGET_NAME)";
				SDKROOT = macosx;
				SWIFT_EMIT_LOC_STRINGS = NO;
				SWIFT_VERSION = 5.0;
				TEST_TARGET_NAME = "WheatherFAll (macOS)";
			};
			name = Debug;
		};
		F4240A16275D5B81009B5A32 /* Release */ = {
			isa = XCBuildConfiguration;
			buildSettings = {
				ALWAYS_EMBED_SWIFT_STANDARD_LIBRARIES = YES;
				CODE_SIGN_STYLE = Automatic;
				COMBINE_HIDPI_IMAGES = YES;
				CURRENT_PROJECT_VERSION = 1;
				DEVELOPMENT_TEAM = RGC4NW33H6;
				GENERATE_INFOPLIST_FILE = YES;
				LD_RUNPATH_SEARCH_PATHS = (
					"$(inherited)",
					"@executable_path/../Frameworks",
					"@loader_path/../Frameworks",
				);
				MACOSX_DEPLOYMENT_TARGET = 11.6;
				MARKETING_VERSION = 1.0;
				PRODUCT_BUNDLE_IDENTIFIER = "com.S10House.Tests-macOS";
				PRODUCT_NAME = "$(TARGET_NAME)";
				SDKROOT = macosx;
				SWIFT_EMIT_LOC_STRINGS = NO;
				SWIFT_VERSION = 5.0;
				TEST_TARGET_NAME = "WheatherFAll (macOS)";
			};
			name = Release;
		};
/* End XCBuildConfiguration section */

/* Begin XCConfigurationList section */
		F42409D2275D5B7B009B5A32 /* Build configuration list for PBXProject "WheatherFAll" */ = {
			isa = XCConfigurationList;
			buildConfigurations = (
				F4240A09275D5B81009B5A32 /* Debug */,
				F4240A0A275D5B81009B5A32 /* Release */,
			);
			defaultConfigurationIsVisible = 0;
			defaultConfigurationName = Release;
		};
		F4240A0B275D5B81009B5A32 /* Build configuration list for PBXNativeTarget "WheatherFAll (iOS)" */ = {
			isa = XCConfigurationList;
			buildConfigurations = (
				F4240A0C275D5B81009B5A32 /* Debug */,
				F4240A0D275D5B81009B5A32 /* Release */,
			);
			defaultConfigurationIsVisible = 0;
			defaultConfigurationName = Release;
		};
		F4240A0E275D5B81009B5A32 /* Build configuration list for PBXNativeTarget "WheatherFAll (macOS)" */ = {
			isa = XCConfigurationList;
			buildConfigurations = (
				F4240A0F275D5B81009B5A32 /* Debug */,
				F4240A10275D5B81009B5A32 /* Release */,
			);
			defaultConfigurationIsVisible = 0;
			defaultConfigurationName = Release;
		};
		F4240A11275D5B81009B5A32 /* Build configuration list for PBXNativeTarget "Tests iOS" */ = {
			isa = XCConfigurationList;
			buildConfigurations = (
				F4240A12275D5B81009B5A32 /* Debug */,
				F4240A13275D5B81009B5A32 /* Release */,
			);
			defaultConfigurationIsVisible = 0;
			defaultConfigurationName = Release;
		};
		F4240A14275D5B81009B5A32 /* Build configuration list for PBXNativeTarget "Tests macOS" */ = {
			isa = XCConfigurationList;
			buildConfigurations = (
				F4240A15275D5B81009B5A32 /* Debug */,
				F4240A16275D5B81009B5A32 /* Release */,
			);
			defaultConfigurationIsVisible = 0;
			defaultConfigurationName = Release;
		};
/* End XCConfigurationList section */

/* Begin XCVersionGroup section */
		F42409D4275D5B7C009B5A32 /* WheatherFAll.xcdatamodeld */ = {
			isa = XCVersionGroup;
			children = (
				F42409D5275D5B7C009B5A32 /* Shared.xcdatamodel */,
			);
			currentVersion = F42409D5275D5B7C009B5A32 /* Shared.xcdatamodel */;
			path = WheatherFAll.xcdatamodeld;
			sourceTree = "<group>";
			versionGroupType = wrapper.xcdatamodel;
		};
/* End XCVersionGroup section */
	};
	rootObject = F42409CF275D5B7B009B5A32 /* Project object */;
}
