// !$*UTF8*$!
{
	archiveVersion = 1;
	classes = {
	};
	objectVersion = 55;
	objects = {

/* Begin PBXBuildFile section */
		F42409F0275D5B81009B5A32 /* Tests_iOS.swift in Sources */ = {isa = PBXBuildFile; fileRef = F42409EF275D5B81009B5A32 /* Tests_iOS.swift */; };
		F42409F2275D5B81009B5A32 /* Tests_iOSLaunchTests.swift in Sources */ = {isa = PBXBuildFile; fileRef = F42409F1275D5B81009B5A32 /* Tests_iOSLaunchTests.swift */; };
		F42409FC275D5B81009B5A32 /* Tests_macOS.swift in Sources */ = {isa = PBXBuildFile; fileRef = F42409FB275D5B81009B5A32 /* Tests_macOS.swift */; };
		F42409FE275D5B81009B5A32 /* Tests_macOSLaunchTests.swift in Sources */ = {isa = PBXBuildFile; fileRef = F42409FD275D5B81009B5A32 /* Tests_macOSLaunchTests.swift */; };
		F42409FF275D5B81009B5A32 /* WeatherFAll.xcdatamodeld in Sources */ = {isa = PBXBuildFile; fileRef = F42409D4275D5B7C009B5A32 /* WeatherFAll.xcdatamodeld */; };
		F4240A00275D5B81009B5A32 /* WeatherFAll.xcdatamodeld in Sources */ = {isa = PBXBuildFile; fileRef = F42409D4275D5B7C009B5A32 /* WeatherFAll.xcdatamodeld */; };
		F4240A01275D5B81009B5A32 /* WeatherFAllApp.swift in Sources */ = {isa = PBXBuildFile; fileRef = F42409D6275D5B7C009B5A32 /* WeatherFAllApp.swift */; };
		F4240A02275D5B81009B5A32 /* WeatherFAllApp.swift in Sources */ = {isa = PBXBuildFile; fileRef = F42409D6275D5B7C009B5A32 /* WeatherFAllApp.swift */; };
		F4240A03275D5B81009B5A32 /* ContentView.swift in Sources */ = {isa = PBXBuildFile; fileRef = F42409D7275D5B7C009B5A32 /* ContentView.swift */; };
		F4240A04275D5B81009B5A32 /* ContentView.swift in Sources */ = {isa = PBXBuildFile; fileRef = F42409D7275D5B7C009B5A32 /* ContentView.swift */; };
		F4240A05275D5B81009B5A32 /* Persistence.swift in Sources */ = {isa = PBXBuildFile; fileRef = F42409D8275D5B7C009B5A32 /* Persistence.swift */; };
		F4240A06275D5B81009B5A32 /* Persistence.swift in Sources */ = {isa = PBXBuildFile; fileRef = F42409D8275D5B7C009B5A32 /* Persistence.swift */; };
		F4240A07275D5B81009B5A32 /* Assets.xcassets in Resources */ = {isa = PBXBuildFile; fileRef = F42409D9275D5B80009B5A32 /* Assets.xcassets */; };
		F4240A08275D5B81009B5A32 /* Assets.xcassets in Resources */ = {isa = PBXBuildFile; fileRef = F42409D9275D5B80009B5A32 /* Assets.xcassets */; };
		F4240A1D275D600E009B5A32 /* WeatherView.swift in Sources */ = {isa = PBXBuildFile; fileRef = F4240A1C275D600E009B5A32 /* WeatherView.swift */; };
		F4240A1E275D600E009B5A32 /* WeatherView.swift in Sources */ = {isa = PBXBuildFile; fileRef = F4240A1C275D600E009B5A32 /* WeatherView.swift */; };
		F4240A22275D6248009B5A32 /* IconSystem.swift in Sources */ = {isa = PBXBuildFile; fileRef = F4240A21275D6248009B5A32 /* IconSystem.swift */; };
		F4240A23275D6248009B5A32 /* IconSystem.swift in Sources */ = {isa = PBXBuildFile; fileRef = F4240A21275D6248009B5A32 /* IconSystem.swift */; };
		F4240A24275D6248009B5A32 /* IconSystem.swift in Sources */ = {isa = PBXBuildFile; fileRef = F4240A21275D6248009B5A32 /* IconSystem.swift */; };
		F4240A25275D6248009B5A32 /* IconSystem.swift in Sources */ = {isa = PBXBuildFile; fileRef = F4240A21275D6248009B5A32 /* IconSystem.swift */; };
		F4240A27275D6395009B5A32 /* WeatherData.swift in Sources */ = {isa = PBXBuildFile; fileRef = F4240A26275D6395009B5A32 /* WeatherData.swift */; };
		F4240A28275D6395009B5A32 /* WeatherData.swift in Sources */ = {isa = PBXBuildFile; fileRef = F4240A26275D6395009B5A32 /* WeatherData.swift */; };
		F4240A29275D6395009B5A32 /* WeatherData.swift in Sources */ = {isa = PBXBuildFile; fileRef = F4240A26275D6395009B5A32 /* WeatherData.swift */; };
		F4240A2A275D6395009B5A32 /* WeatherData.swift in Sources */ = {isa = PBXBuildFile; fileRef = F4240A26275D6395009B5A32 /* WeatherData.swift */; };
		F4240A2C275D6422009B5A32 /* ForecastData.swift in Sources */ = {isa = PBXBuildFile; fileRef = F4240A2B275D6422009B5A32 /* ForecastData.swift */; };
		F4240A2D275D6422009B5A32 /* ForecastData.swift in Sources */ = {isa = PBXBuildFile; fileRef = F4240A2B275D6422009B5A32 /* ForecastData.swift */; };
		F4240A2E275D6422009B5A32 /* ForecastData.swift in Sources */ = {isa = PBXBuildFile; fileRef = F4240A2B275D6422009B5A32 /* ForecastData.swift */; };
		F4240A2F275D6422009B5A32 /* ForecastData.swift in Sources */ = {isa = PBXBuildFile; fileRef = F4240A2B275D6422009B5A32 /* ForecastData.swift */; };
		F4240A31275D6528009B5A32 /* WeatherDataRequest.swift in Sources */ = {isa = PBXBuildFile; fileRef = F4240A30275D6528009B5A32 /* WeatherDataRequest.swift */; };
		F4240A32275D6528009B5A32 /* WeatherDataRequest.swift in Sources */ = {isa = PBXBuildFile; fileRef = F4240A30275D6528009B5A32 /* WeatherDataRequest.swift */; };
		F4240A33275D6528009B5A32 /* WeatherDataRequest.swift in Sources */ = {isa = PBXBuildFile; fileRef = F4240A30275D6528009B5A32 /* WeatherDataRequest.swift */; };
		F4240A34275D6528009B5A32 /* WeatherDataRequest.swift in Sources */ = {isa = PBXBuildFile; fileRef = F4240A30275D6528009B5A32 /* WeatherDataRequest.swift */; };
		F4240A36275D657E009B5A32 /* DefaultsData.swift in Sources */ = {isa = PBXBuildFile; fileRef = F4240A35275D657E009B5A32 /* DefaultsData.swift */; };
		F4240A37275D657E009B5A32 /* DefaultsData.swift in Sources */ = {isa = PBXBuildFile; fileRef = F4240A35275D657E009B5A32 /* DefaultsData.swift */; };
		F4240A38275D657E009B5A32 /* DefaultsData.swift in Sources */ = {isa = PBXBuildFile; fileRef = F4240A35275D657E009B5A32 /* DefaultsData.swift */; };
		F4240A39275D657E009B5A32 /* DefaultsData.swift in Sources */ = {isa = PBXBuildFile; fileRef = F4240A35275D657E009B5A32 /* DefaultsData.swift */; };
		F4240A3E275FE263009B5A32 /* WeatherDetailView.swift in Sources */ = {isa = PBXBuildFile; fileRef = F4240A3D275FE262009B5A32 /* WeatherDetailView.swift */; };
		F4240A3F275FE263009B5A32 /* WeatherDetailView.swift in Sources */ = {isa = PBXBuildFile; fileRef = F4240A3D275FE262009B5A32 /* WeatherDetailView.swift */; };
		F4240A40275FE264009B5A32 /* WeatherDetailView.swift in Sources */ = {isa = PBXBuildFile; fileRef = F4240A3D275FE262009B5A32 /* WeatherDetailView.swift */; };
		F4240A41275FE264009B5A32 /* WeatherDetailView.swift in Sources */ = {isa = PBXBuildFile; fileRef = F4240A3D275FE262009B5A32 /* WeatherDetailView.swift */; };
		F4240A43275FE302009B5A32 /* WeatherDetailRowView.swift in Sources */ = {isa = PBXBuildFile; fileRef = F4240A42275FE302009B5A32 /* WeatherDetailRowView.swift */; };
		F4240A44275FE302009B5A32 /* WeatherDetailRowView.swift in Sources */ = {isa = PBXBuildFile; fileRef = F4240A42275FE302009B5A32 /* WeatherDetailRowView.swift */; };
		F4240A45275FE302009B5A32 /* WeatherDetailRowView.swift in Sources */ = {isa = PBXBuildFile; fileRef = F4240A42275FE302009B5A32 /* WeatherDetailRowView.swift */; };
		F4240A46275FE302009B5A32 /* WeatherDetailRowView.swift in Sources */ = {isa = PBXBuildFile; fileRef = F4240A42275FE302009B5A32 /* WeatherDetailRowView.swift */; };
		F4240A4D276216C8009B5A32 /* AppTabNavigation.swift in Sources */ = {isa = PBXBuildFile; fileRef = F4240A4C276216C7009B5A32 /* AppTabNavigation.swift */; };
		F4240A512762349F009B5A32 /* AppSidebarNavigation.swift in Sources */ = {isa = PBXBuildFile; fileRef = F4240A502762349E009B5A32 /* AppSidebarNavigation.swift */; };
		F4240A522762349F009B5A32 /* AppSidebarNavigation.swift in Sources */ = {isa = PBXBuildFile; fileRef = F4240A502762349E009B5A32 /* AppSidebarNavigation.swift */; };
		F4240A532762349F009B5A32 /* AppSidebarNavigation.swift in Sources */ = {isa = PBXBuildFile; fileRef = F4240A502762349E009B5A32 /* AppSidebarNavigation.swift */; };
		F4240A542762349F009B5A32 /* AppSidebarNavigation.swift in Sources */ = {isa = PBXBuildFile; fileRef = F4240A502762349E009B5A32 /* AppSidebarNavigation.swift */; };
		F4B87457276363C700B7375A /* SettingsView.swift in Sources */ = {isa = PBXBuildFile; fileRef = F4B87456276363C700B7375A /* SettingsView.swift */; };
		F4B87458276363C700B7375A /* SettingsView.swift in Sources */ = {isa = PBXBuildFile; fileRef = F4B87456276363C700B7375A /* SettingsView.swift */; };
		F4B87459276363C700B7375A /* SettingsView.swift in Sources */ = {isa = PBXBuildFile; fileRef = F4B87456276363C700B7375A /* SettingsView.swift */; };
		F4B8745A276363C700B7375A /* SettingsView.swift in Sources */ = {isa = PBXBuildFile; fileRef = F4B87456276363C700B7375A /* SettingsView.swift */; };
		F4B8750127647F9000B7375A /* WeatherFAllWatch WatchKit App.app in Embed Watch Content */ = {isa = PBXBuildFile; fileRef = F4B8750027647F9000B7375A /* WeatherFAllWatch WatchKit App.app */; settings = {ATTRIBUTES = (RemoveHeadersOnCopy, ); }; };
		F4B8750627647F9200B7375A /* Assets.xcassets in Resources */ = {isa = PBXBuildFile; fileRef = F4B8750527647F9200B7375A /* Assets.xcassets */; };
		F4B8750C27647F9200B7375A /* WeatherFAllWatch WatchKit Extension.appex in Embed App Extensions */ = {isa = PBXBuildFile; fileRef = F4B8750B27647F9200B7375A /* WeatherFAllWatch WatchKit Extension.appex */; settings = {ATTRIBUTES = (RemoveHeadersOnCopy, ); }; };
		F4B8751127647F9200B7375A /* WeatherFAllApp.swift in Sources */ = {isa = PBXBuildFile; fileRef = F4B8751027647F9200B7375A /* WeatherFAllApp.swift */; };
		F4B8751327647F9200B7375A /* ContentView.swift in Sources */ = {isa = PBXBuildFile; fileRef = F4B8751227647F9200B7375A /* ContentView.swift */; };
		F4B8751527647F9200B7375A /* NotificationController.swift in Sources */ = {isa = PBXBuildFile; fileRef = F4B8751427647F9200B7375A /* NotificationController.swift */; };
		F4B8751727647F9200B7375A /* NotificationView.swift in Sources */ = {isa = PBXBuildFile; fileRef = F4B8751627647F9200B7375A /* NotificationView.swift */; };
		F4B8751927647F9200B7375A /* ComplicationController.swift in Sources */ = {isa = PBXBuildFile; fileRef = F4B8751827647F9200B7375A /* ComplicationController.swift */; };
		F4B8751B27647F9400B7375A /* Assets.xcassets in Resources */ = {isa = PBXBuildFile; fileRef = F4B8751A27647F9400B7375A /* Assets.xcassets */; };
		F4B8751E27647F9400B7375A /* Preview Assets.xcassets in Resources */ = {isa = PBXBuildFile; fileRef = F4B8751D27647F9400B7375A /* Preview Assets.xcassets */; };
		F4B8752A27647F9400B7375A /* WeatherFAllWatchTests.swift in Sources */ = {isa = PBXBuildFile; fileRef = F4B8752927647F9400B7375A /* WeatherFAllWatchTests.swift */; };
		F4B8753427647F9400B7375A /* WeatherFAllWatchUITests.swift in Sources */ = {isa = PBXBuildFile; fileRef = F4B8753327647F9400B7375A /* WeatherFAllWatchUITests.swift */; };
		F4B8753627647F9400B7375A /* WeatherFAllWatchUITestsLaunchTests.swift in Sources */ = {isa = PBXBuildFile; fileRef = F4B8753527647F9400B7375A /* WeatherFAllWatchUITestsLaunchTests.swift */; };
		F4B8754F27647FF900B7375A /* WeatherFAllTVApp.swift in Sources */ = {isa = PBXBuildFile; fileRef = F4B8754E27647FF900B7375A /* WeatherFAllTVApp.swift */; };
		F4B8755127647FF900B7375A /* ContentView.swift in Sources */ = {isa = PBXBuildFile; fileRef = F4B8755027647FF900B7375A /* ContentView.swift */; };
		F4B8755327647FFA00B7375A /* Assets.xcassets in Resources */ = {isa = PBXBuildFile; fileRef = F4B8755227647FFA00B7375A /* Assets.xcassets */; };
		F4B8755627647FFA00B7375A /* Preview Assets.xcassets in Resources */ = {isa = PBXBuildFile; fileRef = F4B8755527647FFA00B7375A /* Preview Assets.xcassets */; };
		F4B8755827647FFA00B7375A /* Persistence.swift in Sources */ = {isa = PBXBuildFile; fileRef = F4B8755727647FFA00B7375A /* Persistence.swift */; };
		F4B8755A27647FFA00B7375A /* WeatherFAllTV.xcdatamodeld in Sources */ = {isa = PBXBuildFile; fileRef = F4B8755927647FFA00B7375A /* WeatherFAllTV.xcdatamodeld */; };
		F4B8756427647FFA00B7375A /* WeatherFAllTVTests.swift in Sources */ = {isa = PBXBuildFile; fileRef = F4B8756327647FFA00B7375A /* WeatherFAllTVTests.swift */; };
		F4B8756E27647FFB00B7375A /* WeatherFAllTVUITests.swift in Sources */ = {isa = PBXBuildFile; fileRef = F4B8756D27647FFB00B7375A /* WeatherFAllTVUITests.swift */; };
		F4B8757027647FFB00B7375A /* WeatherFAllTVUITestsLaunchTests.swift in Sources */ = {isa = PBXBuildFile; fileRef = F4B8756F27647FFB00B7375A /* WeatherFAllTVUITestsLaunchTests.swift */; };
		F4B8757A2764800F00B7375A /* ForecastData.swift in Sources */ = {isa = PBXBuildFile; fileRef = F4240A2B275D6422009B5A32 /* ForecastData.swift */; };
		F4B8757B2764802200B7375A /* ForecastData.swift in Sources */ = {isa = PBXBuildFile; fileRef = F4240A2B275D6422009B5A32 /* ForecastData.swift */; };
		F4B8757D2764831400B7375A /* IconSystem.swift in Sources */ = {isa = PBXBuildFile; fileRef = F4240A21275D6248009B5A32 /* IconSystem.swift */; };
		F4B8757E2764831600B7375A /* IconSystem.swift in Sources */ = {isa = PBXBuildFile; fileRef = F4240A21275D6248009B5A32 /* IconSystem.swift */; };
		F4B8757F2764831C00B7375A /* WeatherData.swift in Sources */ = {isa = PBXBuildFile; fileRef = F4240A26275D6395009B5A32 /* WeatherData.swift */; };
		F4B875802764831E00B7375A /* WeatherData.swift in Sources */ = {isa = PBXBuildFile; fileRef = F4240A26275D6395009B5A32 /* WeatherData.swift */; };
		F4B875812764832500B7375A /* WeatherDataRequest.swift in Sources */ = {isa = PBXBuildFile; fileRef = F4240A30275D6528009B5A32 /* WeatherDataRequest.swift */; };
		F4B875822764832600B7375A /* WeatherDataRequest.swift in Sources */ = {isa = PBXBuildFile; fileRef = F4240A30275D6528009B5A32 /* WeatherDataRequest.swift */; };
		F4B87589276494A200B7375A /* sun.mp4 in Resources */ = {isa = PBXBuildFile; fileRef = F4B87584276494A200B7375A /* sun.mp4 */; };
		F4B8758A276494A200B7375A /* storm.mp4 in Resources */ = {isa = PBXBuildFile; fileRef = F4B87585276494A200B7375A /* storm.mp4 */; };
		F4B8758B276494A200B7375A /* rain.mp4 in Resources */ = {isa = PBXBuildFile; fileRef = F4B87586276494A200B7375A /* rain.mp4 */; };
		F4B8758C276494A200B7375A /* cloudy.mp4 in Resources */ = {isa = PBXBuildFile; fileRef = F4B87587276494A200B7375A /* cloudy.mp4 */; };
		F4B8758D276494A200B7375A /* snow.mp4 in Resources */ = {isa = PBXBuildFile; fileRef = F4B87588276494A200B7375A /* snow.mp4 */; };
/* End PBXBuildFile section */

/* Begin PBXContainerItemProxy section */
		F42409EC275D5B81009B5A32 /* PBXContainerItemProxy */ = {
			isa = PBXContainerItemProxy;
			containerPortal = F42409CF275D5B7B009B5A32 /* Project object */;
			proxyType = 1;
			remoteGlobalIDString = F42409DD275D5B80009B5A32;
			remoteInfo = "WheatherFAll (iOS)";
		};
		F42409F8275D5B81009B5A32 /* PBXContainerItemProxy */ = {
			isa = PBXContainerItemProxy;
			containerPortal = F42409CF275D5B7B009B5A32 /* Project object */;
			proxyType = 1;
			remoteGlobalIDString = F42409E3275D5B80009B5A32;
			remoteInfo = "WheatherFAll (macOS)";
		};
		F4B8750227647F9000B7375A /* PBXContainerItemProxy */ = {
			isa = PBXContainerItemProxy;
			containerPortal = F42409CF275D5B7B009B5A32 /* Project object */;
			proxyType = 1;
			remoteGlobalIDString = F4B874FF27647F9000B7375A;
			remoteInfo = "WeatherFAllWatch WatchKit App";
		};
		F4B8750D27647F9200B7375A /* PBXContainerItemProxy */ = {
			isa = PBXContainerItemProxy;
			containerPortal = F42409CF275D5B7B009B5A32 /* Project object */;
			proxyType = 1;
			remoteGlobalIDString = F4B8750A27647F9200B7375A;
			remoteInfo = "WeatherFAllWatch WatchKit Extension";
		};
		F4B8752627647F9400B7375A /* PBXContainerItemProxy */ = {
			isa = PBXContainerItemProxy;
			containerPortal = F42409CF275D5B7B009B5A32 /* Project object */;
			proxyType = 1;
			remoteGlobalIDString = F4B8750A27647F9200B7375A;
			remoteInfo = "WeatherFAllWatch WatchKit Extension";
		};
		F4B8753027647F9400B7375A /* PBXContainerItemProxy */ = {
			isa = PBXContainerItemProxy;
			containerPortal = F42409CF275D5B7B009B5A32 /* Project object */;
			proxyType = 1;
			remoteGlobalIDString = F4B874FF27647F9000B7375A;
			remoteInfo = "WeatherFAllWatch WatchKit App";
		};
		F4B8756027647FFA00B7375A /* PBXContainerItemProxy */ = {
			isa = PBXContainerItemProxy;
			containerPortal = F42409CF275D5B7B009B5A32 /* Project object */;
			proxyType = 1;
			remoteGlobalIDString = F4B8754B27647FF900B7375A;
			remoteInfo = WeatherFAllTV;
		};
		F4B8756A27647FFB00B7375A /* PBXContainerItemProxy */ = {
			isa = PBXContainerItemProxy;
			containerPortal = F42409CF275D5B7B009B5A32 /* Project object */;
			proxyType = 1;
			remoteGlobalIDString = F4B8754B27647FF900B7375A;
			remoteInfo = WeatherFAllTV;
		};
/* End PBXContainerItemProxy section */

/* Begin PBXCopyFilesBuildPhase section */
		F4B8753927647F9400B7375A /* Embed Watch Content */ = {
			isa = PBXCopyFilesBuildPhase;
			buildActionMask = 2147483647;
			dstPath = "$(CONTENTS_FOLDER_PATH)/Watch";
			dstSubfolderSpec = 16;
			files = (
				F4B8750127647F9000B7375A /* WeatherFAllWatch WatchKit App.app in Embed Watch Content */,
			);
			name = "Embed Watch Content";
			runOnlyForDeploymentPostprocessing = 0;
		};
		F4B8753C27647F9400B7375A /* Embed App Extensions */ = {
			isa = PBXCopyFilesBuildPhase;
			buildActionMask = 2147483647;
			dstPath = "";
			dstSubfolderSpec = 13;
			files = (
				F4B8750C27647F9200B7375A /* WeatherFAllWatch WatchKit Extension.appex in Embed App Extensions */,
			);
			name = "Embed App Extensions";
			runOnlyForDeploymentPostprocessing = 0;
		};
/* End PBXCopyFilesBuildPhase section */

/* Begin PBXFileReference section */
		F42409D5275D5B7C009B5A32 /* Shared.xcdatamodel */ = {isa = PBXFileReference; lastKnownFileType = wrapper.xcdatamodel; path = Shared.xcdatamodel; sourceTree = "<group>"; };
		F42409D6275D5B7C009B5A32 /* WeatherFAllApp.swift */ = {isa = PBXFileReference; lastKnownFileType = sourcecode.swift; path = WeatherFAllApp.swift; sourceTree = "<group>"; };
		F42409D7275D5B7C009B5A32 /* ContentView.swift */ = {isa = PBXFileReference; lastKnownFileType = sourcecode.swift; path = ContentView.swift; sourceTree = "<group>"; };
		F42409D8275D5B7C009B5A32 /* Persistence.swift */ = {isa = PBXFileReference; lastKnownFileType = sourcecode.swift; path = Persistence.swift; sourceTree = "<group>"; };
		F42409D9275D5B80009B5A32 /* Assets.xcassets */ = {isa = PBXFileReference; lastKnownFileType = folder.assetcatalog; path = Assets.xcassets; sourceTree = "<group>"; };
		F42409DE275D5B80009B5A32 /* WeatherFAll.app */ = {isa = PBXFileReference; explicitFileType = wrapper.application; includeInIndex = 0; path = WeatherFAll.app; sourceTree = BUILT_PRODUCTS_DIR; };
		F42409E4275D5B80009B5A32 /* WeatherFAll.app */ = {isa = PBXFileReference; explicitFileType = wrapper.application; includeInIndex = 0; path = WeatherFAll.app; sourceTree = BUILT_PRODUCTS_DIR; };
		F42409E6275D5B81009B5A32 /* macOS.entitlements */ = {isa = PBXFileReference; lastKnownFileType = text.plist.entitlements; path = macOS.entitlements; sourceTree = "<group>"; };
		F42409EB275D5B81009B5A32 /* Tests iOS.xctest */ = {isa = PBXFileReference; explicitFileType = wrapper.cfbundle; includeInIndex = 0; path = "Tests iOS.xctest"; sourceTree = BUILT_PRODUCTS_DIR; };
		F42409EF275D5B81009B5A32 /* Tests_iOS.swift */ = {isa = PBXFileReference; lastKnownFileType = sourcecode.swift; path = Tests_iOS.swift; sourceTree = "<group>"; };
		F42409F1275D5B81009B5A32 /* Tests_iOSLaunchTests.swift */ = {isa = PBXFileReference; lastKnownFileType = sourcecode.swift; path = Tests_iOSLaunchTests.swift; sourceTree = "<group>"; };
		F42409F7275D5B81009B5A32 /* Tests macOS.xctest */ = {isa = PBXFileReference; explicitFileType = wrapper.cfbundle; includeInIndex = 0; path = "Tests macOS.xctest"; sourceTree = BUILT_PRODUCTS_DIR; };
		F42409FB275D5B81009B5A32 /* Tests_macOS.swift */ = {isa = PBXFileReference; lastKnownFileType = sourcecode.swift; path = Tests_macOS.swift; sourceTree = "<group>"; };
		F42409FD275D5B81009B5A32 /* Tests_macOSLaunchTests.swift */ = {isa = PBXFileReference; lastKnownFileType = sourcecode.swift; path = Tests_macOSLaunchTests.swift; sourceTree = "<group>"; };
		F4240A18275D5E42009B5A32 /* WeatherFAll (iOS).entitlements */ = {isa = PBXFileReference; lastKnownFileType = text.plist.entitlements; path = "WeatherFAll (iOS).entitlements"; sourceTree = "<group>"; };
		F4240A1C275D600E009B5A32 /* WeatherView.swift */ = {isa = PBXFileReference; lastKnownFileType = sourcecode.swift; path = WeatherView.swift; sourceTree = "<group>"; };
		F4240A21275D6248009B5A32 /* IconSystem.swift */ = {isa = PBXFileReference; lastKnownFileType = sourcecode.swift; path = IconSystem.swift; sourceTree = "<group>"; };
		F4240A26275D6395009B5A32 /* WeatherData.swift */ = {isa = PBXFileReference; lastKnownFileType = sourcecode.swift; path = WeatherData.swift; sourceTree = "<group>"; };
		F4240A2B275D6422009B5A32 /* ForecastData.swift */ = {isa = PBXFileReference; lastKnownFileType = sourcecode.swift; path = ForecastData.swift; sourceTree = "<group>"; };
		F4240A30275D6528009B5A32 /* WeatherDataRequest.swift */ = {isa = PBXFileReference; lastKnownFileType = sourcecode.swift; path = WeatherDataRequest.swift; sourceTree = "<group>"; };
		F4240A35275D657E009B5A32 /* DefaultsData.swift */ = {isa = PBXFileReference; lastKnownFileType = sourcecode.swift; path = DefaultsData.swift; sourceTree = "<group>"; };
		F4240A3D275FE262009B5A32 /* WeatherDetailView.swift */ = {isa = PBXFileReference; lastKnownFileType = sourcecode.swift; path = WeatherDetailView.swift; sourceTree = "<group>"; };
		F4240A42275FE302009B5A32 /* WeatherDetailRowView.swift */ = {isa = PBXFileReference; lastKnownFileType = sourcecode.swift; path = WeatherDetailRowView.swift; sourceTree = "<group>"; };
		F4240A482761E850009B5A32 /* Info.plist */ = {isa = PBXFileReference; fileEncoding = 4; lastKnownFileType = text.plist.xml; path = Info.plist; sourceTree = "<group>"; };
		F4240A4A2761E871009B5A32 /* Info.plist */ = {isa = PBXFileReference; fileEncoding = 4; lastKnownFileType = text.plist.xml; path = Info.plist; sourceTree = "<group>"; };
		F4240A4C276216C7009B5A32 /* AppTabNavigation.swift */ = {isa = PBXFileReference; lastKnownFileType = sourcecode.swift; path = AppTabNavigation.swift; sourceTree = "<group>"; };
		F4240A4E276230A2009B5A32 /* README.txt */ = {isa = PBXFileReference; lastKnownFileType = text; path = README.txt; sourceTree = "<group>"; };
		F4240A4F276230BC009B5A32 /* README.md */ = {isa = PBXFileReference; lastKnownFileType = net.daringfireball.markdown; path = README.md; sourceTree = "<group>"; };
		F4240A502762349E009B5A32 /* AppSidebarNavigation.swift */ = {isa = PBXFileReference; lastKnownFileType = sourcecode.swift; path = AppSidebarNavigation.swift; sourceTree = "<group>"; };
		F4B87456276363C700B7375A /* SettingsView.swift */ = {isa = PBXFileReference; lastKnownFileType = sourcecode.swift; path = SettingsView.swift; sourceTree = "<group>"; };
		F4B874FD27647F9000B7375A /* WeatherFAllWatch.app */ = {isa = PBXFileReference; explicitFileType = wrapper.application; includeInIndex = 0; path = WeatherFAllWatch.app; sourceTree = BUILT_PRODUCTS_DIR; };
		F4B8750027647F9000B7375A /* WeatherFAllWatch WatchKit App.app */ = {isa = PBXFileReference; explicitFileType = wrapper.application; includeInIndex = 0; path = "WeatherFAllWatch WatchKit App.app"; sourceTree = BUILT_PRODUCTS_DIR; };
		F4B8750527647F9200B7375A /* Assets.xcassets */ = {isa = PBXFileReference; lastKnownFileType = folder.assetcatalog; path = Assets.xcassets; sourceTree = "<group>"; };
		F4B8750B27647F9200B7375A /* WeatherFAllWatch WatchKit Extension.appex */ = {isa = PBXFileReference; explicitFileType = "wrapper.app-extension"; includeInIndex = 0; path = "WeatherFAllWatch WatchKit Extension.appex"; sourceTree = BUILT_PRODUCTS_DIR; };
		F4B8751027647F9200B7375A /* WeatherFAllApp.swift */ = {isa = PBXFileReference; lastKnownFileType = sourcecode.swift; path = WeatherFAllApp.swift; sourceTree = "<group>"; };
		F4B8751227647F9200B7375A /* ContentView.swift */ = {isa = PBXFileReference; lastKnownFileType = sourcecode.swift; path = ContentView.swift; sourceTree = "<group>"; };
		F4B8751427647F9200B7375A /* NotificationController.swift */ = {isa = PBXFileReference; lastKnownFileType = sourcecode.swift; path = NotificationController.swift; sourceTree = "<group>"; };
		F4B8751627647F9200B7375A /* NotificationView.swift */ = {isa = PBXFileReference; lastKnownFileType = sourcecode.swift; path = NotificationView.swift; sourceTree = "<group>"; };
		F4B8751827647F9200B7375A /* ComplicationController.swift */ = {isa = PBXFileReference; lastKnownFileType = sourcecode.swift; path = ComplicationController.swift; sourceTree = "<group>"; };
		F4B8751A27647F9400B7375A /* Assets.xcassets */ = {isa = PBXFileReference; lastKnownFileType = folder.assetcatalog; path = Assets.xcassets; sourceTree = "<group>"; };
		F4B8751D27647F9400B7375A /* Preview Assets.xcassets */ = {isa = PBXFileReference; lastKnownFileType = folder.assetcatalog; path = "Preview Assets.xcassets"; sourceTree = "<group>"; };
		F4B8751F27647F9400B7375A /* Info.plist */ = {isa = PBXFileReference; lastKnownFileType = text.plist.xml; path = Info.plist; sourceTree = "<group>"; };
		F4B8752027647F9400B7375A /* PushNotificationPayload.apns */ = {isa = PBXFileReference; lastKnownFileType = text; path = PushNotificationPayload.apns; sourceTree = "<group>"; };
		F4B8752527647F9400B7375A /* WeatherFAllWatchTests.xctest */ = {isa = PBXFileReference; explicitFileType = wrapper.cfbundle; includeInIndex = 0; path = WeatherFAllWatchTests.xctest; sourceTree = BUILT_PRODUCTS_DIR; };
		F4B8752927647F9400B7375A /* WeatherFAllWatchTests.swift */ = {isa = PBXFileReference; lastKnownFileType = sourcecode.swift; path = WeatherFAllWatchTests.swift; sourceTree = "<group>"; };
		F4B8752F27647F9400B7375A /* WeatherFAllWatchUITests.xctest */ = {isa = PBXFileReference; explicitFileType = wrapper.cfbundle; includeInIndex = 0; path = WeatherFAllWatchUITests.xctest; sourceTree = BUILT_PRODUCTS_DIR; };
		F4B8753327647F9400B7375A /* WeatherFAllWatchUITests.swift */ = {isa = PBXFileReference; lastKnownFileType = sourcecode.swift; path = WeatherFAllWatchUITests.swift; sourceTree = "<group>"; };
		F4B8753527647F9400B7375A /* WeatherFAllWatchUITestsLaunchTests.swift */ = {isa = PBXFileReference; lastKnownFileType = sourcecode.swift; path = WeatherFAllWatchUITestsLaunchTests.swift; sourceTree = "<group>"; };
		F4B8754C27647FF900B7375A /* WeatherFAllTV.app */ = {isa = PBXFileReference; explicitFileType = wrapper.application; includeInIndex = 0; path = WeatherFAllTV.app; sourceTree = BUILT_PRODUCTS_DIR; };
		F4B8754E27647FF900B7375A /* WeatherFAllTVApp.swift */ = {isa = PBXFileReference; lastKnownFileType = sourcecode.swift; path = WeatherFAllTVApp.swift; sourceTree = "<group>"; };
		F4B8755027647FF900B7375A /* ContentView.swift */ = {isa = PBXFileReference; lastKnownFileType = sourcecode.swift; path = ContentView.swift; sourceTree = "<group>"; };
		F4B8755227647FFA00B7375A /* Assets.xcassets */ = {isa = PBXFileReference; lastKnownFileType = folder.assetcatalog; path = Assets.xcassets; sourceTree = "<group>"; };
		F4B8755527647FFA00B7375A /* Preview Assets.xcassets */ = {isa = PBXFileReference; lastKnownFileType = folder.assetcatalog; path = "Preview Assets.xcassets"; sourceTree = "<group>"; };
		F4B8755727647FFA00B7375A /* Persistence.swift */ = {isa = PBXFileReference; lastKnownFileType = sourcecode.swift; path = Persistence.swift; sourceTree = "<group>"; };
		F4B8755F27647FFA00B7375A /* WeatherFAllTVTests.xctest */ = {isa = PBXFileReference; explicitFileType = wrapper.cfbundle; includeInIndex = 0; path = WeatherFAllTVTests.xctest; sourceTree = BUILT_PRODUCTS_DIR; };
		F4B8756327647FFA00B7375A /* WeatherFAllTVTests.swift */ = {isa = PBXFileReference; lastKnownFileType = sourcecode.swift; path = WeatherFAllTVTests.swift; sourceTree = "<group>"; };
		F4B8756927647FFB00B7375A /* WeatherFAllTVUITests.xctest */ = {isa = PBXFileReference; explicitFileType = wrapper.cfbundle; includeInIndex = 0; path = WeatherFAllTVUITests.xctest; sourceTree = BUILT_PRODUCTS_DIR; };
		F4B8756D27647FFB00B7375A /* WeatherFAllTVUITests.swift */ = {isa = PBXFileReference; lastKnownFileType = sourcecode.swift; path = WeatherFAllTVUITests.swift; sourceTree = "<group>"; };
		F4B8756F27647FFB00B7375A /* WeatherFAllTVUITestsLaunchTests.swift */ = {isa = PBXFileReference; lastKnownFileType = sourcecode.swift; path = WeatherFAllTVUITestsLaunchTests.swift; sourceTree = "<group>"; };
		F4B87584276494A200B7375A /* sun.mp4 */ = {isa = PBXFileReference; lastKnownFileType = file; path = sun.mp4; sourceTree = "<group>"; };
		F4B87585276494A200B7375A /* storm.mp4 */ = {isa = PBXFileReference; lastKnownFileType = file; path = storm.mp4; sourceTree = "<group>"; };
		F4B87586276494A200B7375A /* rain.mp4 */ = {isa = PBXFileReference; lastKnownFileType = file; path = rain.mp4; sourceTree = "<group>"; };
		F4B87587276494A200B7375A /* cloudy.mp4 */ = {isa = PBXFileReference; lastKnownFileType = file; path = cloudy.mp4; sourceTree = "<group>"; };
		F4B87588276494A200B7375A /* snow.mp4 */ = {isa = PBXFileReference; lastKnownFileType = file; path = snow.mp4; sourceTree = "<group>"; };
/* End PBXFileReference section */

/* Begin PBXFrameworksBuildPhase section */
		F42409DB275D5B80009B5A32 /* Frameworks */ = {
			isa = PBXFrameworksBuildPhase;
			buildActionMask = 2147483647;
			files = (
			);
			runOnlyForDeploymentPostprocessing = 0;
		};
		F42409E1275D5B80009B5A32 /* Frameworks */ = {
			isa = PBXFrameworksBuildPhase;
			buildActionMask = 2147483647;
			files = (
			);
			runOnlyForDeploymentPostprocessing = 0;
		};
		F42409E8275D5B81009B5A32 /* Frameworks */ = {
			isa = PBXFrameworksBuildPhase;
			buildActionMask = 2147483647;
			files = (
			);
			runOnlyForDeploymentPostprocessing = 0;
		};
		F42409F4275D5B81009B5A32 /* Frameworks */ = {
			isa = PBXFrameworksBuildPhase;
			buildActionMask = 2147483647;
			files = (
			);
			runOnlyForDeploymentPostprocessing = 0;
		};
		F4B8750827647F9200B7375A /* Frameworks */ = {
			isa = PBXFrameworksBuildPhase;
			buildActionMask = 2147483647;
			files = (
			);
			runOnlyForDeploymentPostprocessing = 0;
		};
		F4B8752227647F9400B7375A /* Frameworks */ = {
			isa = PBXFrameworksBuildPhase;
			buildActionMask = 2147483647;
			files = (
			);
			runOnlyForDeploymentPostprocessing = 0;
		};
		F4B8752C27647F9400B7375A /* Frameworks */ = {
			isa = PBXFrameworksBuildPhase;
			buildActionMask = 2147483647;
			files = (
			);
			runOnlyForDeploymentPostprocessing = 0;
		};
		F4B8754927647FF900B7375A /* Frameworks */ = {
			isa = PBXFrameworksBuildPhase;
			buildActionMask = 2147483647;
			files = (
			);
			runOnlyForDeploymentPostprocessing = 0;
		};
		F4B8755C27647FFA00B7375A /* Frameworks */ = {
			isa = PBXFrameworksBuildPhase;
			buildActionMask = 2147483647;
			files = (
			);
			runOnlyForDeploymentPostprocessing = 0;
		};
		F4B8756627647FFB00B7375A /* Frameworks */ = {
			isa = PBXFrameworksBuildPhase;
			buildActionMask = 2147483647;
			files = (
			);
			runOnlyForDeploymentPostprocessing = 0;
		};
/* End PBXFrameworksBuildPhase section */

/* Begin PBXGroup section */
		F42409CE275D5B7B009B5A32 = {
			isa = PBXGroup;
			children = (
				F4240A4F276230BC009B5A32 /* README.md */,
				F4240A4E276230A2009B5A32 /* README.txt */,
				F4240A18275D5E42009B5A32 /* WeatherFAll (iOS).entitlements */,
				F42409D3275D5B7C009B5A32 /* Shared */,
				F4240A472761E83E009B5A32 /* iOS */,
				F42409E5275D5B81009B5A32 /* macOS */,
				F42409EE275D5B81009B5A32 /* Tests iOS */,
				F42409FA275D5B81009B5A32 /* Tests macOS */,
				F4B8750427647F9000B7375A /* WeatherFAllWatch WatchKit App */,
				F4B8750F27647F9200B7375A /* WeatherFAllWatch WatchKit Extension */,
				F4B8752827647F9400B7375A /* WeatherFAllWatchTests */,
				F4B8753227647F9400B7375A /* WeatherFAllWatchUITests */,
				F4B8754D27647FF900B7375A /* WeatherFAllTV */,
				F4B8756227647FFA00B7375A /* WeatherFAllTVTests */,
				F4B8756C27647FFB00B7375A /* WeatherFAllTVUITests */,
				F42409DF275D5B80009B5A32 /* Products */,
			);
			sourceTree = "<group>";
		};
		F42409D3275D5B7C009B5A32 /* Shared */ = {
			isa = PBXGroup;
			children = (
				F42409D4275D5B7C009B5A32 /* WeatherFAll.xcdatamodeld */,
				F42409D9275D5B80009B5A32 /* Assets.xcassets */,
				F4240A17275D5DE7009B5A32 /* DataModel */,
				F42409D6275D5B7C009B5A32 /* WeatherFAllApp.swift */,
				F42409D8275D5B7C009B5A32 /* Persistence.swift */,
				F42409D7275D5B7C009B5A32 /* ContentView.swift */,
				F4240A1C275D600E009B5A32 /* WeatherView.swift */,
				F4240A3D275FE262009B5A32 /* WeatherDetailView.swift */,
				F4240A42275FE302009B5A32 /* WeatherDetailRowView.swift */,
				F4B87456276363C700B7375A /* SettingsView.swift */,
				F4240A502762349E009B5A32 /* AppSidebarNavigation.swift */,
			);
			path = Shared;
			sourceTree = "<group>";
		};
		F42409DF275D5B80009B5A32 /* Products */ = {
			isa = PBXGroup;
			children = (
				F42409DE275D5B80009B5A32 /* WeatherFAll.app */,
				F42409E4275D5B80009B5A32 /* WeatherFAll.app */,
				F42409EB275D5B81009B5A32 /* Tests iOS.xctest */,
				F42409F7275D5B81009B5A32 /* Tests macOS.xctest */,
				F4B874FD27647F9000B7375A /* WeatherFAllWatch.app */,
				F4B8750027647F9000B7375A /* WeatherFAllWatch WatchKit App.app */,
				F4B8750B27647F9200B7375A /* WeatherFAllWatch WatchKit Extension.appex */,
				F4B8752527647F9400B7375A /* WeatherFAllWatchTests.xctest */,
				F4B8752F27647F9400B7375A /* WeatherFAllWatchUITests.xctest */,
				F4B8754C27647FF900B7375A /* WeatherFAllTV.app */,
				F4B8755F27647FFA00B7375A /* WeatherFAllTVTests.xctest */,
				F4B8756927647FFB00B7375A /* WeatherFAllTVUITests.xctest */,
			);
			name = Products;
			sourceTree = "<group>";
		};
		F42409E5275D5B81009B5A32 /* macOS */ = {
			isa = PBXGroup;
			children = (
				F42409E6275D5B81009B5A32 /* macOS.entitlements */,
				F4240A4A2761E871009B5A32 /* Info.plist */,
			);
			path = macOS;
			sourceTree = "<group>";
		};
		F42409EE275D5B81009B5A32 /* Tests iOS */ = {
			isa = PBXGroup;
			children = (
				F42409EF275D5B81009B5A32 /* Tests_iOS.swift */,
				F42409F1275D5B81009B5A32 /* Tests_iOSLaunchTests.swift */,
			);
			path = "Tests iOS";
			sourceTree = "<group>";
		};
		F42409FA275D5B81009B5A32 /* Tests macOS */ = {
			isa = PBXGroup;
			children = (
				F42409FB275D5B81009B5A32 /* Tests_macOS.swift */,
				F42409FD275D5B81009B5A32 /* Tests_macOSLaunchTests.swift */,
			);
			path = "Tests macOS";
			sourceTree = "<group>";
		};
		F4240A17275D5DE7009B5A32 /* DataModel */ = {
			isa = PBXGroup;
			children = (
				F4240A21275D6248009B5A32 /* IconSystem.swift */,
				F4240A26275D6395009B5A32 /* WeatherData.swift */,
				F4240A2B275D6422009B5A32 /* ForecastData.swift */,
				F4240A30275D6528009B5A32 /* WeatherDataRequest.swift */,
				F4240A35275D657E009B5A32 /* DefaultsData.swift */,
			);
			path = DataModel;
			sourceTree = "<group>";
		};
		F4240A472761E83E009B5A32 /* iOS */ = {
			isa = PBXGroup;
			children = (
				F4240A482761E850009B5A32 /* Info.plist */,
				F4240A4C276216C7009B5A32 /* AppTabNavigation.swift */,
			);
			path = iOS;
			sourceTree = "<group>";
		};
		F4B8750427647F9000B7375A /* WeatherFAllWatch WatchKit App */ = {
			isa = PBXGroup;
			children = (
				F4B8750527647F9200B7375A /* Assets.xcassets */,
			);
			path = "WeatherFAllWatch WatchKit App";
			sourceTree = "<group>";
		};
		F4B8750F27647F9200B7375A /* WeatherFAllWatch WatchKit Extension */ = {
			isa = PBXGroup;
			children = (
				F4B8751027647F9200B7375A /* WeatherFAllApp.swift */,
				F4B8751227647F9200B7375A /* ContentView.swift */,
				F4B8751427647F9200B7375A /* NotificationController.swift */,
				F4B8751627647F9200B7375A /* NotificationView.swift */,
				F4B8751827647F9200B7375A /* ComplicationController.swift */,
				F4B8751A27647F9400B7375A /* Assets.xcassets */,
				F4B8751F27647F9400B7375A /* Info.plist */,
				F4B8752027647F9400B7375A /* PushNotificationPayload.apns */,
				F4B8751C27647F9400B7375A /* Preview Content */,
			);
			path = "WeatherFAllWatch WatchKit Extension";
			sourceTree = "<group>";
		};
		F4B8751C27647F9400B7375A /* Preview Content */ = {
			isa = PBXGroup;
			children = (
				F4B8751D27647F9400B7375A /* Preview Assets.xcassets */,
			);
			path = "Preview Content";
			sourceTree = "<group>";
		};
		F4B8752827647F9400B7375A /* WeatherFAllWatchTests */ = {
			isa = PBXGroup;
			children = (
				F4B8752927647F9400B7375A /* WeatherFAllWatchTests.swift */,
			);
			path = WeatherFAllWatchTests;
			sourceTree = "<group>";
		};
		F4B8753227647F9400B7375A /* WeatherFAllWatchUITests */ = {
			isa = PBXGroup;
			children = (
				F4B8753327647F9400B7375A /* WeatherFAllWatchUITests.swift */,
				F4B8753527647F9400B7375A /* WeatherFAllWatchUITestsLaunchTests.swift */,
			);
			path = WeatherFAllWatchUITests;
			sourceTree = "<group>";
		};
		F4B8754D27647FF900B7375A /* WeatherFAllTV */ = {
			isa = PBXGroup;
			children = (
				F4B87583276494A200B7375A /* videos */,
				F4B8754E27647FF900B7375A /* WeatherFAllTVApp.swift */,
				F4B8755027647FF900B7375A /* ContentView.swift */,
				F4B8755227647FFA00B7375A /* Assets.xcassets */,
				F4B8755727647FFA00B7375A /* Persistence.swift */,
				F4B8755927647FFA00B7375A /* WeatherFAllTV.xcdatamodeld */,
				F4B8755427647FFA00B7375A /* Preview Content */,
			);
			path = WeatherFAllTV;
			sourceTree = "<group>";
		};
		F4B8755427647FFA00B7375A /* Preview Content */ = {
			isa = PBXGroup;
			children = (
				F4B8755527647FFA00B7375A /* Preview Assets.xcassets */,
			);
			path = "Preview Content";
			sourceTree = "<group>";
		};
		F4B8756227647FFA00B7375A /* WeatherFAllTVTests */ = {
			isa = PBXGroup;
			children = (
				F4B8756327647FFA00B7375A /* WeatherFAllTVTests.swift */,
			);
			path = WeatherFAllTVTests;
			sourceTree = "<group>";
		};
		F4B8756C27647FFB00B7375A /* WeatherFAllTVUITests */ = {
			isa = PBXGroup;
			children = (
				F4B8756D27647FFB00B7375A /* WeatherFAllTVUITests.swift */,
				F4B8756F27647FFB00B7375A /* WeatherFAllTVUITestsLaunchTests.swift */,
			);
			path = WeatherFAllTVUITests;
			sourceTree = "<group>";
		};
		F4B87583276494A200B7375A /* videos */ = {
			isa = PBXGroup;
			children = (
				F4B87584276494A200B7375A /* sun.mp4 */,
				F4B87585276494A200B7375A /* storm.mp4 */,
				F4B87586276494A200B7375A /* rain.mp4 */,
				F4B87587276494A200B7375A /* cloudy.mp4 */,
				F4B87588276494A200B7375A /* snow.mp4 */,
			);
			path = videos;
			sourceTree = "<group>";
		};
/* End PBXGroup section */

/* Begin PBXNativeTarget section */
		F42409DD275D5B80009B5A32 /* WeatherFAll (iOS) */ = {
			isa = PBXNativeTarget;
			buildConfigurationList = F4240A0B275D5B81009B5A32 /* Build configuration list for PBXNativeTarget "WeatherFAll (iOS)" */;
			buildPhases = (
				F42409DA275D5B80009B5A32 /* Sources */,
				F42409DB275D5B80009B5A32 /* Frameworks */,
				F42409DC275D5B80009B5A32 /* Resources */,
			);
			buildRules = (
			);
			dependencies = (
			);
			name = "WeatherFAll (iOS)";
			packageProductDependencies = (
			);
			productName = "WheatherFAll (iOS)";
			productReference = F42409DE275D5B80009B5A32 /* WeatherFAll.app */;
			productType = "com.apple.product-type.application";
		};
		F42409E3275D5B80009B5A32 /* WeatherFAll (macOS) */ = {
			isa = PBXNativeTarget;
			buildConfigurationList = F4240A0E275D5B81009B5A32 /* Build configuration list for PBXNativeTarget "WeatherFAll (macOS)" */;
			buildPhases = (
				F42409E0275D5B80009B5A32 /* Sources */,
				F42409E1275D5B80009B5A32 /* Frameworks */,
				F42409E2275D5B80009B5A32 /* Resources */,
			);
			buildRules = (
			);
			dependencies = (
			);
			name = "WeatherFAll (macOS)";
			productName = "WheatherFAll (macOS)";
			productReference = F42409E4275D5B80009B5A32 /* WeatherFAll.app */;
			productType = "com.apple.product-type.application";
		};
		F42409EA275D5B81009B5A32 /* Tests iOS */ = {
			isa = PBXNativeTarget;
			buildConfigurationList = F4240A11275D5B81009B5A32 /* Build configuration list for PBXNativeTarget "Tests iOS" */;
			buildPhases = (
				F42409E7275D5B81009B5A32 /* Sources */,
				F42409E8275D5B81009B5A32 /* Frameworks */,
				F42409E9275D5B81009B5A32 /* Resources */,
			);
			buildRules = (
			);
			dependencies = (
				F42409ED275D5B81009B5A32 /* PBXTargetDependency */,
			);
			name = "Tests iOS";
			productName = "Tests iOS";
			productReference = F42409EB275D5B81009B5A32 /* Tests iOS.xctest */;
			productType = "com.apple.product-type.bundle.ui-testing";
		};
		F42409F6275D5B81009B5A32 /* Tests macOS */ = {
			isa = PBXNativeTarget;
			buildConfigurationList = F4240A14275D5B81009B5A32 /* Build configuration list for PBXNativeTarget "Tests macOS" */;
			buildPhases = (
				F42409F3275D5B81009B5A32 /* Sources */,
				F42409F4275D5B81009B5A32 /* Frameworks */,
				F42409F5275D5B81009B5A32 /* Resources */,
			);
			buildRules = (
			);
			dependencies = (
				F42409F9275D5B81009B5A32 /* PBXTargetDependency */,
			);
			name = "Tests macOS";
			productName = "Tests macOS";
			productReference = F42409F7275D5B81009B5A32 /* Tests macOS.xctest */;
			productType = "com.apple.product-type.bundle.ui-testing";
		};
		F4B874FC27647F9000B7375A /* WeatherFAllWatch */ = {
			isa = PBXNativeTarget;
			buildConfigurationList = F4B8754527647F9400B7375A /* Build configuration list for PBXNativeTarget "WeatherFAllWatch" */;
			buildPhases = (
				F4B874FB27647F9000B7375A /* Resources */,
				F4B8753927647F9400B7375A /* Embed Watch Content */,
			);
			buildRules = (
			);
			dependencies = (
				F4B8750327647F9000B7375A /* PBXTargetDependency */,
			);
			name = WeatherFAllWatch;
			productName = WeatherFAllWatch;
			productReference = F4B874FD27647F9000B7375A /* WeatherFAllWatch.app */;
			productType = "com.apple.product-type.application.watchapp2-container";
		};
		F4B874FF27647F9000B7375A /* WeatherFAllWatch WatchKit App */ = {
			isa = PBXNativeTarget;
			buildConfigurationList = F4B8754427647F9400B7375A /* Build configuration list for PBXNativeTarget "WeatherFAllWatch WatchKit App" */;
			buildPhases = (
				F4B874FE27647F9000B7375A /* Resources */,
				F4B8753C27647F9400B7375A /* Embed App Extensions */,
			);
			buildRules = (
			);
			dependencies = (
				F4B8750E27647F9200B7375A /* PBXTargetDependency */,
			);
			name = "WeatherFAllWatch WatchKit App";
			productName = "WeatherFAllWatch WatchKit App";
			productReference = F4B8750027647F9000B7375A /* WeatherFAllWatch WatchKit App.app */;
			productType = "com.apple.product-type.application.watchapp2";
		};
		F4B8750A27647F9200B7375A /* WeatherFAllWatch WatchKit Extension */ = {
			isa = PBXNativeTarget;
			buildConfigurationList = F4B8754327647F9400B7375A /* Build configuration list for PBXNativeTarget "WeatherFAllWatch WatchKit Extension" */;
			buildPhases = (
				F4B8750727647F9200B7375A /* Sources */,
				F4B8750827647F9200B7375A /* Frameworks */,
				F4B8750927647F9200B7375A /* Resources */,
			);
			buildRules = (
			);
			dependencies = (
			);
			name = "WeatherFAllWatch WatchKit Extension";
			productName = "WeatherFAllWatch WatchKit Extension";
			productReference = F4B8750B27647F9200B7375A /* WeatherFAllWatch WatchKit Extension.appex */;
			productType = "com.apple.product-type.watchkit2-extension";
		};
		F4B8752427647F9400B7375A /* WeatherFAllWatchTests */ = {
			isa = PBXNativeTarget;
			buildConfigurationList = F4B8754627647F9400B7375A /* Build configuration list for PBXNativeTarget "WeatherFAllWatchTests" */;
			buildPhases = (
				F4B8752127647F9400B7375A /* Sources */,
				F4B8752227647F9400B7375A /* Frameworks */,
				F4B8752327647F9400B7375A /* Resources */,
			);
			buildRules = (
			);
			dependencies = (
				F4B8752727647F9400B7375A /* PBXTargetDependency */,
			);
			name = WeatherFAllWatchTests;
			productName = WeatherFAllWatchTests;
			productReference = F4B8752527647F9400B7375A /* WeatherFAllWatchTests.xctest */;
			productType = "com.apple.product-type.bundle.unit-test";
		};
		F4B8752E27647F9400B7375A /* WeatherFAllWatchUITests */ = {
			isa = PBXNativeTarget;
			buildConfigurationList = F4B8754727647F9400B7375A /* Build configuration list for PBXNativeTarget "WeatherFAllWatchUITests" */;
			buildPhases = (
				F4B8752B27647F9400B7375A /* Sources */,
				F4B8752C27647F9400B7375A /* Frameworks */,
				F4B8752D27647F9400B7375A /* Resources */,
			);
			buildRules = (
			);
			dependencies = (
				F4B8753127647F9400B7375A /* PBXTargetDependency */,
			);
			name = WeatherFAllWatchUITests;
			productName = WeatherFAllWatchUITests;
			productReference = F4B8752F27647F9400B7375A /* WeatherFAllWatchUITests.xctest */;
			productType = "com.apple.product-type.bundle.ui-testing";
		};
		F4B8754B27647FF900B7375A /* WeatherFAllTV */ = {
			isa = PBXNativeTarget;
			buildConfigurationList = F4B8757127647FFB00B7375A /* Build configuration list for PBXNativeTarget "WeatherFAllTV" */;
			buildPhases = (
				F4B8754827647FF900B7375A /* Sources */,
				F4B8754927647FF900B7375A /* Frameworks */,
				F4B8754A27647FF900B7375A /* Resources */,
			);
			buildRules = (
			);
			dependencies = (
			);
			name = WeatherFAllTV;
			productName = WeatherFAllTV;
			productReference = F4B8754C27647FF900B7375A /* WeatherFAllTV.app */;
			productType = "com.apple.product-type.application";
		};
		F4B8755E27647FFA00B7375A /* WeatherFAllTVTests */ = {
			isa = PBXNativeTarget;
			buildConfigurationList = F4B8757427647FFB00B7375A /* Build configuration list for PBXNativeTarget "WeatherFAllTVTests" */;
			buildPhases = (
				F4B8755B27647FFA00B7375A /* Sources */,
				F4B8755C27647FFA00B7375A /* Frameworks */,
				F4B8755D27647FFA00B7375A /* Resources */,
			);
			buildRules = (
			);
			dependencies = (
				F4B8756127647FFA00B7375A /* PBXTargetDependency */,
			);
			name = WeatherFAllTVTests;
			productName = WeatherFAllTVTests;
			productReference = F4B8755F27647FFA00B7375A /* WeatherFAllTVTests.xctest */;
			productType = "com.apple.product-type.bundle.unit-test";
		};
		F4B8756827647FFB00B7375A /* WeatherFAllTVUITests */ = {
			isa = PBXNativeTarget;
			buildConfigurationList = F4B8757727647FFB00B7375A /* Build configuration list for PBXNativeTarget "WeatherFAllTVUITests" */;
			buildPhases = (
				F4B8756527647FFB00B7375A /* Sources */,
				F4B8756627647FFB00B7375A /* Frameworks */,
				F4B8756727647FFB00B7375A /* Resources */,
			);
			buildRules = (
			);
			dependencies = (
				F4B8756B27647FFB00B7375A /* PBXTargetDependency */,
			);
			name = WeatherFAllTVUITests;
			productName = WeatherFAllTVUITests;
			productReference = F4B8756927647FFB00B7375A /* WeatherFAllTVUITests.xctest */;
			productType = "com.apple.product-type.bundle.ui-testing";
		};
/* End PBXNativeTarget section */

/* Begin PBXProject section */
		F42409CF275D5B7B009B5A32 /* Project object */ = {
			isa = PBXProject;
			attributes = {
				BuildIndependentTargetsInParallel = 1;
				LastSwiftUpdateCheck = 1310;
				LastUpgradeCheck = 1310;
				TargetAttributes = {
					F42409DD275D5B80009B5A32 = {
						CreatedOnToolsVersion = 13.1;
					};
					F42409E3275D5B80009B5A32 = {
						CreatedOnToolsVersion = 13.1;
					};
					F42409EA275D5B81009B5A32 = {
						CreatedOnToolsVersion = 13.1;
						TestTargetID = F42409DD275D5B80009B5A32;
					};
					F42409F6275D5B81009B5A32 = {
						CreatedOnToolsVersion = 13.1;
						TestTargetID = F42409E3275D5B80009B5A32;
					};
					F4B874FC27647F9000B7375A = {
						CreatedOnToolsVersion = 13.1;
					};
					F4B874FF27647F9000B7375A = {
						CreatedOnToolsVersion = 13.1;
					};
					F4B8750A27647F9200B7375A = {
						CreatedOnToolsVersion = 13.1;
					};
					F4B8752427647F9400B7375A = {
						CreatedOnToolsVersion = 13.1;
						TestTargetID = F4B8750A27647F9200B7375A;
					};
					F4B8752E27647F9400B7375A = {
						CreatedOnToolsVersion = 13.1;
						TestTargetID = F4B874FF27647F9000B7375A;
					};
					F4B8754B27647FF900B7375A = {
						CreatedOnToolsVersion = 13.1;
					};
					F4B8755E27647FFA00B7375A = {
						CreatedOnToolsVersion = 13.1;
						TestTargetID = F4B8754B27647FF900B7375A;
					};
					F4B8756827647FFB00B7375A = {
						CreatedOnToolsVersion = 13.1;
						TestTargetID = F4B8754B27647FF900B7375A;
					};
				};
			};
			buildConfigurationList = F42409D2275D5B7B009B5A32 /* Build configuration list for PBXProject "WeatherFAll" */;
			compatibilityVersion = "Xcode 13.0";
			developmentRegion = en;
			hasScannedForEncodings = 0;
			knownRegions = (
				en,
				Base,
			);
			mainGroup = F42409CE275D5B7B009B5A32;
			packageReferences = (
			);
			productRefGroup = F42409DF275D5B80009B5A32 /* Products */;
			projectDirPath = "";
			projectRoot = "";
			targets = (
				F42409DD275D5B80009B5A32 /* WeatherFAll (iOS) */,
				F42409E3275D5B80009B5A32 /* WeatherFAll (macOS) */,
				F42409EA275D5B81009B5A32 /* Tests iOS */,
				F42409F6275D5B81009B5A32 /* Tests macOS */,
				F4B874FC27647F9000B7375A /* WeatherFAllWatch */,
				F4B874FF27647F9000B7375A /* WeatherFAllWatch WatchKit App */,
				F4B8750A27647F9200B7375A /* WeatherFAllWatch WatchKit Extension */,
				F4B8752427647F9400B7375A /* WeatherFAllWatchTests */,
				F4B8752E27647F9400B7375A /* WeatherFAllWatchUITests */,
				F4B8754B27647FF900B7375A /* WeatherFAllTV */,
				F4B8755E27647FFA00B7375A /* WeatherFAllTVTests */,
				F4B8756827647FFB00B7375A /* WeatherFAllTVUITests */,
			);
		};
/* End PBXProject section */

/* Begin PBXResourcesBuildPhase section */
		F42409DC275D5B80009B5A32 /* Resources */ = {
			isa = PBXResourcesBuildPhase;
			buildActionMask = 2147483647;
			files = (
				F4240A07275D5B81009B5A32 /* Assets.xcassets in Resources */,
			);
			runOnlyForDeploymentPostprocessing = 0;
		};
		F42409E2275D5B80009B5A32 /* Resources */ = {
			isa = PBXResourcesBuildPhase;
			buildActionMask = 2147483647;
			files = (
				F4240A08275D5B81009B5A32 /* Assets.xcassets in Resources */,
			);
			runOnlyForDeploymentPostprocessing = 0;
		};
		F42409E9275D5B81009B5A32 /* Resources */ = {
			isa = PBXResourcesBuildPhase;
			buildActionMask = 2147483647;
			files = (
			);
			runOnlyForDeploymentPostprocessing = 0;
		};
		F42409F5275D5B81009B5A32 /* Resources */ = {
			isa = PBXResourcesBuildPhase;
			buildActionMask = 2147483647;
			files = (
			);
			runOnlyForDeploymentPostprocessing = 0;
		};
		F4B874FB27647F9000B7375A /* Resources */ = {
			isa = PBXResourcesBuildPhase;
			buildActionMask = 2147483647;
			files = (
			);
			runOnlyForDeploymentPostprocessing = 0;
		};
		F4B874FE27647F9000B7375A /* Resources */ = {
			isa = PBXResourcesBuildPhase;
			buildActionMask = 2147483647;
			files = (
				F4B8750627647F9200B7375A /* Assets.xcassets in Resources */,
			);
			runOnlyForDeploymentPostprocessing = 0;
		};
		F4B8750927647F9200B7375A /* Resources */ = {
			isa = PBXResourcesBuildPhase;
			buildActionMask = 2147483647;
			files = (
				F4B8751E27647F9400B7375A /* Preview Assets.xcassets in Resources */,
				F4B8751B27647F9400B7375A /* Assets.xcassets in Resources */,
			);
			runOnlyForDeploymentPostprocessing = 0;
		};
		F4B8752327647F9400B7375A /* Resources */ = {
			isa = PBXResourcesBuildPhase;
			buildActionMask = 2147483647;
			files = (
			);
			runOnlyForDeploymentPostprocessing = 0;
		};
		F4B8752D27647F9400B7375A /* Resources */ = {
			isa = PBXResourcesBuildPhase;
			buildActionMask = 2147483647;
			files = (
			);
			runOnlyForDeploymentPostprocessing = 0;
		};
		F4B8754A27647FF900B7375A /* Resources */ = {
			isa = PBXResourcesBuildPhase;
			buildActionMask = 2147483647;
			files = (
				F4B87589276494A200B7375A /* sun.mp4 in Resources */,
				F4B8758A276494A200B7375A /* storm.mp4 in Resources */,
				F4B8755627647FFA00B7375A /* Preview Assets.xcassets in Resources */,
				F4B8758C276494A200B7375A /* cloudy.mp4 in Resources */,
				F4B8758B276494A200B7375A /* rain.mp4 in Resources */,
				F4B8755327647FFA00B7375A /* Assets.xcassets in Resources */,
				F4B8758D276494A200B7375A /* snow.mp4 in Resources */,
			);
			runOnlyForDeploymentPostprocessing = 0;
		};
		F4B8755D27647FFA00B7375A /* Resources */ = {
			isa = PBXResourcesBuildPhase;
			buildActionMask = 2147483647;
			files = (
			);
			runOnlyForDeploymentPostprocessing = 0;
		};
		F4B8756727647FFB00B7375A /* Resources */ = {
			isa = PBXResourcesBuildPhase;
			buildActionMask = 2147483647;
			files = (
			);
			runOnlyForDeploymentPostprocessing = 0;
		};
/* End PBXResourcesBuildPhase section */

/* Begin PBXSourcesBuildPhase section */
		F42409DA275D5B80009B5A32 /* Sources */ = {
			isa = PBXSourcesBuildPhase;
			buildActionMask = 2147483647;
			files = (
				F4B87457276363C700B7375A /* SettingsView.swift in Sources */,
				F4240A1D275D600E009B5A32 /* WeatherView.swift in Sources */,
				F4240A36275D657E009B5A32 /* DefaultsData.swift in Sources */,
				F4240A01275D5B81009B5A32 /* WeatherFAllApp.swift in Sources */,
				F4240A27275D6395009B5A32 /* WeatherData.swift in Sources */,
				F4240A3E275FE263009B5A32 /* WeatherDetailView.swift in Sources */,
				F4240A31275D6528009B5A32 /* WeatherDataRequest.swift in Sources */,
				F4240A05275D5B81009B5A32 /* Persistence.swift in Sources */,
				F4240A22275D6248009B5A32 /* IconSystem.swift in Sources */,
				F4240A43275FE302009B5A32 /* WeatherDetailRowView.swift in Sources */,
				F42409FF275D5B81009B5A32 /* WeatherFAll.xcdatamodeld in Sources */,
				F4240A2C275D6422009B5A32 /* ForecastData.swift in Sources */,
				F4240A4D276216C8009B5A32 /* AppTabNavigation.swift in Sources */,
				F4240A512762349F009B5A32 /* AppSidebarNavigation.swift in Sources */,
				F4240A03275D5B81009B5A32 /* ContentView.swift in Sources */,
			);
			runOnlyForDeploymentPostprocessing = 0;
		};
		F42409E0275D5B80009B5A32 /* Sources */ = {
			isa = PBXSourcesBuildPhase;
			buildActionMask = 2147483647;
			files = (
				F4240A1E275D600E009B5A32 /* WeatherView.swift in Sources */,
				F4240A37275D657E009B5A32 /* DefaultsData.swift in Sources */,
				F4240A02275D5B81009B5A32 /* WeatherFAllApp.swift in Sources */,
				F4240A28275D6395009B5A32 /* WeatherData.swift in Sources */,
				F4240A3F275FE263009B5A32 /* WeatherDetailView.swift in Sources */,
				F4240A32275D6528009B5A32 /* WeatherDataRequest.swift in Sources */,
				F4240A06275D5B81009B5A32 /* Persistence.swift in Sources */,
				F4B87458276363C700B7375A /* SettingsView.swift in Sources */,
				F4240A522762349F009B5A32 /* AppSidebarNavigation.swift in Sources */,
				F4240A23275D6248009B5A32 /* IconSystem.swift in Sources */,
				F4240A44275FE302009B5A32 /* WeatherDetailRowView.swift in Sources */,
				F4240A00275D5B81009B5A32 /* WeatherFAll.xcdatamodeld in Sources */,
				F4240A2D275D6422009B5A32 /* ForecastData.swift in Sources */,
				F4240A04275D5B81009B5A32 /* ContentView.swift in Sources */,
			);
			runOnlyForDeploymentPostprocessing = 0;
		};
		F42409E7275D5B81009B5A32 /* Sources */ = {
			isa = PBXSourcesBuildPhase;
			buildActionMask = 2147483647;
			files = (
				F4240A40275FE264009B5A32 /* WeatherDetailView.swift in Sources */,
				F4240A33275D6528009B5A32 /* WeatherDataRequest.swift in Sources */,
				F4240A45275FE302009B5A32 /* WeatherDetailRowView.swift in Sources */,
				F4240A24275D6248009B5A32 /* IconSystem.swift in Sources */,
				F42409F2275D5B81009B5A32 /* Tests_iOSLaunchTests.swift in Sources */,
				F4240A29275D6395009B5A32 /* WeatherData.swift in Sources */,
				F4240A2E275D6422009B5A32 /* ForecastData.swift in Sources */,
				F4240A38275D657E009B5A32 /* DefaultsData.swift in Sources */,
				F4240A532762349F009B5A32 /* AppSidebarNavigation.swift in Sources */,
				F42409F0275D5B81009B5A32 /* Tests_iOS.swift in Sources */,
				F4B87459276363C700B7375A /* SettingsView.swift in Sources */,
			);
			runOnlyForDeploymentPostprocessing = 0;
		};
		F42409F3275D5B81009B5A32 /* Sources */ = {
			isa = PBXSourcesBuildPhase;
			buildActionMask = 2147483647;
			files = (
				F4240A41275FE264009B5A32 /* WeatherDetailView.swift in Sources */,
				F4240A34275D6528009B5A32 /* WeatherDataRequest.swift in Sources */,
				F4240A46275FE302009B5A32 /* WeatherDetailRowView.swift in Sources */,
				F4240A25275D6248009B5A32 /* IconSystem.swift in Sources */,
				F42409FE275D5B81009B5A32 /* Tests_macOSLaunchTests.swift in Sources */,
				F4240A2A275D6395009B5A32 /* WeatherData.swift in Sources */,
				F4240A2F275D6422009B5A32 /* ForecastData.swift in Sources */,
				F4240A39275D657E009B5A32 /* DefaultsData.swift in Sources */,
				F4240A542762349F009B5A32 /* AppSidebarNavigation.swift in Sources */,
				F42409FC275D5B81009B5A32 /* Tests_macOS.swift in Sources */,
				F4B8745A276363C700B7375A /* SettingsView.swift in Sources */,
			);
			runOnlyForDeploymentPostprocessing = 0;
		};
		F4B8750727647F9200B7375A /* Sources */ = {
			isa = PBXSourcesBuildPhase;
			buildActionMask = 2147483647;
			files = (
				F4B8751527647F9200B7375A /* NotificationController.swift in Sources */,
				F4B8757D2764831400B7375A /* IconSystem.swift in Sources */,
				F4B8751327647F9200B7375A /* ContentView.swift in Sources */,
				F4B875812764832500B7375A /* WeatherDataRequest.swift in Sources */,
				F4B8751927647F9200B7375A /* ComplicationController.swift in Sources */,
				F4B8751127647F9200B7375A /* WeatherFAllApp.swift in Sources */,
				F4B8757A2764800F00B7375A /* ForecastData.swift in Sources */,
				F4B8757F2764831C00B7375A /* WeatherData.swift in Sources */,
				F4B8751727647F9200B7375A /* NotificationView.swift in Sources */,
			);
			runOnlyForDeploymentPostprocessing = 0;
		};
		F4B8752127647F9400B7375A /* Sources */ = {
			isa = PBXSourcesBuildPhase;
			buildActionMask = 2147483647;
			files = (
				F4B8752A27647F9400B7375A /* WeatherFAllWatchTests.swift in Sources */,
			);
			runOnlyForDeploymentPostprocessing = 0;
		};
		F4B8752B27647F9400B7375A /* Sources */ = {
			isa = PBXSourcesBuildPhase;
			buildActionMask = 2147483647;
			files = (
				F4B8753627647F9400B7375A /* WeatherFAllWatchUITestsLaunchTests.swift in Sources */,
				F4B8753427647F9400B7375A /* WeatherFAllWatchUITests.swift in Sources */,
			);
			runOnlyForDeploymentPostprocessing = 0;
		};
		F4B8754827647FF900B7375A /* Sources */ = {
			isa = PBXSourcesBuildPhase;
			buildActionMask = 2147483647;
			files = (
				F4B8755827647FFA00B7375A /* Persistence.swift in Sources */,
				F4B8755127647FF900B7375A /* ContentView.swift in Sources */,
				F4B875802764831E00B7375A /* WeatherData.swift in Sources */,
				F4B8754F27647FF900B7375A /* WeatherFAllTVApp.swift in Sources */,
				F4B8757E2764831600B7375A /* IconSystem.swift in Sources */,
				F4B8757B2764802200B7375A /* ForecastData.swift in Sources */,
				F4B875822764832600B7375A /* WeatherDataRequest.swift in Sources */,
				F4B8755A27647FFA00B7375A /* WeatherFAllTV.xcdatamodeld in Sources */,
			);
			runOnlyForDeploymentPostprocessing = 0;
		};
		F4B8755B27647FFA00B7375A /* Sources */ = {
			isa = PBXSourcesBuildPhase;
			buildActionMask = 2147483647;
			files = (
				F4B8756427647FFA00B7375A /* WeatherFAllTVTests.swift in Sources */,
			);
			runOnlyForDeploymentPostprocessing = 0;
		};
		F4B8756527647FFB00B7375A /* Sources */ = {
			isa = PBXSourcesBuildPhase;
			buildActionMask = 2147483647;
			files = (
				F4B8757027647FFB00B7375A /* WeatherFAllTVUITestsLaunchTests.swift in Sources */,
				F4B8756E27647FFB00B7375A /* WeatherFAllTVUITests.swift in Sources */,
			);
			runOnlyForDeploymentPostprocessing = 0;
		};
/* End PBXSourcesBuildPhase section */

/* Begin PBXTargetDependency section */
		F42409ED275D5B81009B5A32 /* PBXTargetDependency */ = {
			isa = PBXTargetDependency;
			target = F42409DD275D5B80009B5A32 /* WeatherFAll (iOS) */;
			targetProxy = F42409EC275D5B81009B5A32 /* PBXContainerItemProxy */;
		};
		F42409F9275D5B81009B5A32 /* PBXTargetDependency */ = {
			isa = PBXTargetDependency;
			target = F42409E3275D5B80009B5A32 /* WeatherFAll (macOS) */;
			targetProxy = F42409F8275D5B81009B5A32 /* PBXContainerItemProxy */;
		};
		F4B8750327647F9000B7375A /* PBXTargetDependency */ = {
			isa = PBXTargetDependency;
			target = F4B874FF27647F9000B7375A /* WeatherFAllWatch WatchKit App */;
			targetProxy = F4B8750227647F9000B7375A /* PBXContainerItemProxy */;
		};
		F4B8750E27647F9200B7375A /* PBXTargetDependency */ = {
			isa = PBXTargetDependency;
			target = F4B8750A27647F9200B7375A /* WeatherFAllWatch WatchKit Extension */;
			targetProxy = F4B8750D27647F9200B7375A /* PBXContainerItemProxy */;
		};
		F4B8752727647F9400B7375A /* PBXTargetDependency */ = {
			isa = PBXTargetDependency;
			target = F4B8750A27647F9200B7375A /* WeatherFAllWatch WatchKit Extension */;
			targetProxy = F4B8752627647F9400B7375A /* PBXContainerItemProxy */;
		};
		F4B8753127647F9400B7375A /* PBXTargetDependency */ = {
			isa = PBXTargetDependency;
			target = F4B874FF27647F9000B7375A /* WeatherFAllWatch WatchKit App */;
			targetProxy = F4B8753027647F9400B7375A /* PBXContainerItemProxy */;
		};
		F4B8756127647FFA00B7375A /* PBXTargetDependency */ = {
			isa = PBXTargetDependency;
			target = F4B8754B27647FF900B7375A /* WeatherFAllTV */;
			targetProxy = F4B8756027647FFA00B7375A /* PBXContainerItemProxy */;
		};
		F4B8756B27647FFB00B7375A /* PBXTargetDependency */ = {
			isa = PBXTargetDependency;
			target = F4B8754B27647FF900B7375A /* WeatherFAllTV */;
			targetProxy = F4B8756A27647FFB00B7375A /* PBXContainerItemProxy */;
		};
/* End PBXTargetDependency section */

/* Begin XCBuildConfiguration section */
		F4240A09275D5B81009B5A32 /* Debug */ = {
			isa = XCBuildConfiguration;
			buildSettings = {
				ALWAYS_SEARCH_USER_PATHS = NO;
				CLANG_ANALYZER_NONNULL = YES;
				CLANG_ANALYZER_NUMBER_OBJECT_CONVERSION = YES_AGGRESSIVE;
				CLANG_CXX_LANGUAGE_STANDARD = "gnu++17";
				CLANG_CXX_LIBRARY = "libc++";
				CLANG_ENABLE_MODULES = YES;
				CLANG_ENABLE_OBJC_ARC = YES;
				CLANG_ENABLE_OBJC_WEAK = YES;
				CLANG_WARN_BLOCK_CAPTURE_AUTORELEASING = YES;
				CLANG_WARN_BOOL_CONVERSION = YES;
				CLANG_WARN_COMMA = YES;
				CLANG_WARN_CONSTANT_CONVERSION = YES;
				CLANG_WARN_DEPRECATED_OBJC_IMPLEMENTATIONS = YES;
				CLANG_WARN_DIRECT_OBJC_ISA_USAGE = YES_ERROR;
				CLANG_WARN_DOCUMENTATION_COMMENTS = YES;
				CLANG_WARN_EMPTY_BODY = YES;
				CLANG_WARN_ENUM_CONVERSION = YES;
				CLANG_WARN_INFINITE_RECURSION = YES;
				CLANG_WARN_INT_CONVERSION = YES;
				CLANG_WARN_NON_LITERAL_NULL_CONVERSION = YES;
				CLANG_WARN_OBJC_IMPLICIT_RETAIN_SELF = YES;
				CLANG_WARN_OBJC_LITERAL_CONVERSION = YES;
				CLANG_WARN_OBJC_ROOT_CLASS = YES_ERROR;
				CLANG_WARN_QUOTED_INCLUDE_IN_FRAMEWORK_HEADER = YES;
				CLANG_WARN_RANGE_LOOP_ANALYSIS = YES;
				CLANG_WARN_STRICT_PROTOTYPES = YES;
				CLANG_WARN_SUSPICIOUS_MOVE = YES;
				CLANG_WARN_UNGUARDED_AVAILABILITY = YES_AGGRESSIVE;
				CLANG_WARN_UNREACHABLE_CODE = YES;
				CLANG_WARN__DUPLICATE_METHOD_MATCH = YES;
				COPY_PHASE_STRIP = NO;
				DEBUG_INFORMATION_FORMAT = dwarf;
				ENABLE_STRICT_OBJC_MSGSEND = YES;
				ENABLE_TESTABILITY = YES;
				GCC_C_LANGUAGE_STANDARD = gnu11;
				GCC_DYNAMIC_NO_PIC = NO;
				GCC_NO_COMMON_BLOCKS = YES;
				GCC_OPTIMIZATION_LEVEL = 0;
				GCC_PREPROCESSOR_DEFINITIONS = (
					"DEBUG=1",
					"$(inherited)",
				);
				GCC_WARN_64_TO_32_BIT_CONVERSION = YES;
				GCC_WARN_ABOUT_RETURN_TYPE = YES_ERROR;
				GCC_WARN_UNDECLARED_SELECTOR = YES;
				GCC_WARN_UNINITIALIZED_AUTOS = YES_AGGRESSIVE;
				GCC_WARN_UNUSED_FUNCTION = YES;
				GCC_WARN_UNUSED_VARIABLE = YES;
				MTL_ENABLE_DEBUG_INFO = INCLUDE_SOURCE;
				MTL_FAST_MATH = YES;
				ONLY_ACTIVE_ARCH = YES;
				SWIFT_ACTIVE_COMPILATION_CONDITIONS = DEBUG;
				SWIFT_OPTIMIZATION_LEVEL = "-Onone";
			};
			name = Debug;
		};
		F4240A0A275D5B81009B5A32 /* Release */ = {
			isa = XCBuildConfiguration;
			buildSettings = {
				ALWAYS_SEARCH_USER_PATHS = NO;
				CLANG_ANALYZER_NONNULL = YES;
				CLANG_ANALYZER_NUMBER_OBJECT_CONVERSION = YES_AGGRESSIVE;
				CLANG_CXX_LANGUAGE_STANDARD = "gnu++17";
				CLANG_CXX_LIBRARY = "libc++";
				CLANG_ENABLE_MODULES = YES;
				CLANG_ENABLE_OBJC_ARC = YES;
				CLANG_ENABLE_OBJC_WEAK = YES;
				CLANG_WARN_BLOCK_CAPTURE_AUTORELEASING = YES;
				CLANG_WARN_BOOL_CONVERSION = YES;
				CLANG_WARN_COMMA = YES;
				CLANG_WARN_CONSTANT_CONVERSION = YES;
				CLANG_WARN_DEPRECATED_OBJC_IMPLEMENTATIONS = YES;
				CLANG_WARN_DIRECT_OBJC_ISA_USAGE = YES_ERROR;
				CLANG_WARN_DOCUMENTATION_COMMENTS = YES;
				CLANG_WARN_EMPTY_BODY = YES;
				CLANG_WARN_ENUM_CONVERSION = YES;
				CLANG_WARN_INFINITE_RECURSION = YES;
				CLANG_WARN_INT_CONVERSION = YES;
				CLANG_WARN_NON_LITERAL_NULL_CONVERSION = YES;
				CLANG_WARN_OBJC_IMPLICIT_RETAIN_SELF = YES;
				CLANG_WARN_OBJC_LITERAL_CONVERSION = YES;
				CLANG_WARN_OBJC_ROOT_CLASS = YES_ERROR;
				CLANG_WARN_QUOTED_INCLUDE_IN_FRAMEWORK_HEADER = YES;
				CLANG_WARN_RANGE_LOOP_ANALYSIS = YES;
				CLANG_WARN_STRICT_PROTOTYPES = YES;
				CLANG_WARN_SUSPICIOUS_MOVE = YES;
				CLANG_WARN_UNGUARDED_AVAILABILITY = YES_AGGRESSIVE;
				CLANG_WARN_UNREACHABLE_CODE = YES;
				CLANG_WARN__DUPLICATE_METHOD_MATCH = YES;
				COPY_PHASE_STRIP = NO;
				DEBUG_INFORMATION_FORMAT = "dwarf-with-dsym";
				ENABLE_NS_ASSERTIONS = NO;
				ENABLE_STRICT_OBJC_MSGSEND = YES;
				GCC_C_LANGUAGE_STANDARD = gnu11;
				GCC_NO_COMMON_BLOCKS = YES;
				GCC_WARN_64_TO_32_BIT_CONVERSION = YES;
				GCC_WARN_ABOUT_RETURN_TYPE = YES_ERROR;
				GCC_WARN_UNDECLARED_SELECTOR = YES;
				GCC_WARN_UNINITIALIZED_AUTOS = YES_AGGRESSIVE;
				GCC_WARN_UNUSED_FUNCTION = YES;
				GCC_WARN_UNUSED_VARIABLE = YES;
				MTL_ENABLE_DEBUG_INFO = NO;
				MTL_FAST_MATH = YES;
				SWIFT_COMPILATION_MODE = wholemodule;
				SWIFT_OPTIMIZATION_LEVEL = "-O";
			};
			name = Release;
		};
		F4240A0C275D5B81009B5A32 /* Debug */ = {
			isa = XCBuildConfiguration;
			buildSettings = {
				ASSETCATALOG_COMPILER_APPICON_NAME = AppIcon;
				ASSETCATALOG_COMPILER_GLOBAL_ACCENT_COLOR_NAME = AccentColor;
				CODE_SIGN_ENTITLEMENTS = "WeatherFAll (iOS).entitlements";
				CODE_SIGN_STYLE = Automatic;
				CURRENT_PROJECT_VERSION = 1;
				DEVELOPMENT_TEAM = RGC4NW33H6;
				ENABLE_PREVIEWS = YES;
				GENERATE_INFOPLIST_FILE = YES;
				INFOPLIST_KEY_UIApplicationSceneManifest_Generation = YES;
				INFOPLIST_KEY_UIApplicationSupportsIndirectInputEvents = YES;
				INFOPLIST_KEY_UILaunchScreen_Generation = YES;
				INFOPLIST_KEY_UISupportedInterfaceOrientations_iPad = "UIInterfaceOrientationPortrait UIInterfaceOrientationPortraitUpsideDown UIInterfaceOrientationLandscapeLeft UIInterfaceOrientationLandscapeRight";
				INFOPLIST_KEY_UISupportedInterfaceOrientations_iPhone = "UIInterfaceOrientationPortrait UIInterfaceOrientationLandscapeLeft UIInterfaceOrientationLandscapeRight";
				IPHONEOS_DEPLOYMENT_TARGET = 14.0;
				LD_RUNPATH_SEARCH_PATHS = (
					"$(inherited)",
					"@executable_path/Frameworks",
				);
				MARKETING_VERSION = 1.0;
				PRODUCT_BUNDLE_IDENTIFIER = com.S10House.WeatherFAll;
				PRODUCT_NAME = WeatherFAll;
				SDKROOT = iphoneos;
				SUPPORTS_MACCATALYST = YES;
				SWIFT_EMIT_LOC_STRINGS = YES;
				SWIFT_VERSION = 5.0;
				TARGETED_DEVICE_FAMILY = "1,2";
			};
			name = Debug;
		};
		F4240A0D275D5B81009B5A32 /* Release */ = {
			isa = XCBuildConfiguration;
			buildSettings = {
				ASSETCATALOG_COMPILER_APPICON_NAME = AppIcon;
				ASSETCATALOG_COMPILER_GLOBAL_ACCENT_COLOR_NAME = AccentColor;
				CODE_SIGN_ENTITLEMENTS = "WeatherFAll (iOS).entitlements";
				CODE_SIGN_STYLE = Automatic;
				CURRENT_PROJECT_VERSION = 1;
				DEVELOPMENT_TEAM = RGC4NW33H6;
				ENABLE_PREVIEWS = YES;
				GENERATE_INFOPLIST_FILE = YES;
				INFOPLIST_KEY_UIApplicationSceneManifest_Generation = YES;
				INFOPLIST_KEY_UIApplicationSupportsIndirectInputEvents = YES;
				INFOPLIST_KEY_UILaunchScreen_Generation = YES;
				INFOPLIST_KEY_UISupportedInterfaceOrientations_iPad = "UIInterfaceOrientationPortrait UIInterfaceOrientationPortraitUpsideDown UIInterfaceOrientationLandscapeLeft UIInterfaceOrientationLandscapeRight";
				INFOPLIST_KEY_UISupportedInterfaceOrientations_iPhone = "UIInterfaceOrientationPortrait UIInterfaceOrientationLandscapeLeft UIInterfaceOrientationLandscapeRight";
				IPHONEOS_DEPLOYMENT_TARGET = 14.0;
				LD_RUNPATH_SEARCH_PATHS = (
					"$(inherited)",
					"@executable_path/Frameworks",
				);
				MARKETING_VERSION = 1.0;
				PRODUCT_BUNDLE_IDENTIFIER = com.S10House.WeatherFAll;
				PRODUCT_NAME = WeatherFAll;
				SDKROOT = iphoneos;
				SUPPORTS_MACCATALYST = YES;
				SWIFT_EMIT_LOC_STRINGS = YES;
				SWIFT_VERSION = 5.0;
				TARGETED_DEVICE_FAMILY = "1,2";
				VALIDATE_PRODUCT = YES;
			};
			name = Release;
		};
		F4240A0F275D5B81009B5A32 /* Debug */ = {
			isa = XCBuildConfiguration;
			buildSettings = {
				ASSETCATALOG_COMPILER_APPICON_NAME = AppIcon;
				ASSETCATALOG_COMPILER_GLOBAL_ACCENT_COLOR_NAME = AccentColor;
				CODE_SIGN_ENTITLEMENTS = macOS/macOS.entitlements;
				CODE_SIGN_STYLE = Automatic;
				COMBINE_HIDPI_IMAGES = YES;
				CURRENT_PROJECT_VERSION = 1;
				DEVELOPMENT_TEAM = RGC4NW33H6;
				ENABLE_HARDENED_RUNTIME = YES;
				ENABLE_PREVIEWS = YES;
				GENERATE_INFOPLIST_FILE = YES;
				INFOPLIST_KEY_NSHumanReadableCopyright = "";
				LD_RUNPATH_SEARCH_PATHS = (
					"$(inherited)",
					"@executable_path/../Frameworks",
				);
				MACOSX_DEPLOYMENT_TARGET = 11.6;
				MARKETING_VERSION = 1.0;
				PRODUCT_BUNDLE_IDENTIFIER = com.S10House.WeatherFAll;
				PRODUCT_NAME = WeatherFAll;
				SDKROOT = macosx;
				SWIFT_EMIT_LOC_STRINGS = YES;
				SWIFT_VERSION = 5.0;
			};
			name = Debug;
		};
		F4240A10275D5B81009B5A32 /* Release */ = {
			isa = XCBuildConfiguration;
			buildSettings = {
				ASSETCATALOG_COMPILER_APPICON_NAME = AppIcon;
				ASSETCATALOG_COMPILER_GLOBAL_ACCENT_COLOR_NAME = AccentColor;
				CODE_SIGN_ENTITLEMENTS = macOS/macOS.entitlements;
				CODE_SIGN_STYLE = Automatic;
				COMBINE_HIDPI_IMAGES = YES;
				CURRENT_PROJECT_VERSION = 1;
				DEVELOPMENT_TEAM = RGC4NW33H6;
				ENABLE_HARDENED_RUNTIME = YES;
				ENABLE_PREVIEWS = YES;
				GENERATE_INFOPLIST_FILE = YES;
				INFOPLIST_KEY_NSHumanReadableCopyright = "";
				LD_RUNPATH_SEARCH_PATHS = (
					"$(inherited)",
					"@executable_path/../Frameworks",
				);
				MACOSX_DEPLOYMENT_TARGET = 11.6;
				MARKETING_VERSION = 1.0;
				PRODUCT_BUNDLE_IDENTIFIER = com.S10House.WeatherFAll;
				PRODUCT_NAME = WeatherFAll;
				SDKROOT = macosx;
				SWIFT_EMIT_LOC_STRINGS = YES;
				SWIFT_VERSION = 5.0;
			};
			name = Release;
		};
		F4240A12275D5B81009B5A32 /* Debug */ = {
			isa = XCBuildConfiguration;
			buildSettings = {
				ALWAYS_EMBED_SWIFT_STANDARD_LIBRARIES = YES;
				CODE_SIGN_STYLE = Automatic;
				CURRENT_PROJECT_VERSION = 1;
				DEVELOPMENT_TEAM = RGC4NW33H6;
				GENERATE_INFOPLIST_FILE = YES;
				IPHONEOS_DEPLOYMENT_TARGET = 15.0;
				LD_RUNPATH_SEARCH_PATHS = (
					"$(inherited)",
					"@executable_path/Frameworks",
					"@loader_path/Frameworks",
				);
				MARKETING_VERSION = 1.0;
				PRODUCT_BUNDLE_IDENTIFIER = "com.S10House.Tests-iOS";
				PRODUCT_NAME = "$(TARGET_NAME)";
				SDKROOT = iphoneos;
				SWIFT_EMIT_LOC_STRINGS = NO;
				SWIFT_VERSION = 5.0;
				TARGETED_DEVICE_FAMILY = "1,2";
				TEST_TARGET_NAME = "WeatherFAll (iOS)";
			};
			name = Debug;
		};
		F4240A13275D5B81009B5A32 /* Release */ = {
			isa = XCBuildConfiguration;
			buildSettings = {
				ALWAYS_EMBED_SWIFT_STANDARD_LIBRARIES = YES;
				CODE_SIGN_STYLE = Automatic;
				CURRENT_PROJECT_VERSION = 1;
				DEVELOPMENT_TEAM = RGC4NW33H6;
				GENERATE_INFOPLIST_FILE = YES;
				IPHONEOS_DEPLOYMENT_TARGET = 15.0;
				LD_RUNPATH_SEARCH_PATHS = (
					"$(inherited)",
					"@executable_path/Frameworks",
					"@loader_path/Frameworks",
				);
				MARKETING_VERSION = 1.0;
				PRODUCT_BUNDLE_IDENTIFIER = "com.S10House.Tests-iOS";
				PRODUCT_NAME = "$(TARGET_NAME)";
				SDKROOT = iphoneos;
				SWIFT_EMIT_LOC_STRINGS = NO;
				SWIFT_VERSION = 5.0;
				TARGETED_DEVICE_FAMILY = "1,2";
				TEST_TARGET_NAME = "WeatherFAll (iOS)";
				VALIDATE_PRODUCT = YES;
			};
			name = Release;
		};
		F4240A15275D5B81009B5A32 /* Debug */ = {
			isa = XCBuildConfiguration;
			buildSettings = {
				ALWAYS_EMBED_SWIFT_STANDARD_LIBRARIES = YES;
				CODE_SIGN_STYLE = Automatic;
				COMBINE_HIDPI_IMAGES = YES;
				CURRENT_PROJECT_VERSION = 1;
				DEVELOPMENT_TEAM = RGC4NW33H6;
				GENERATE_INFOPLIST_FILE = YES;
				LD_RUNPATH_SEARCH_PATHS = (
					"$(inherited)",
					"@executable_path/../Frameworks",
					"@loader_path/../Frameworks",
				);
				MACOSX_DEPLOYMENT_TARGET = 11.6;
				MARKETING_VERSION = 1.0;
				PRODUCT_BUNDLE_IDENTIFIER = "com.S10House.Tests-macOS";
				PRODUCT_NAME = "$(TARGET_NAME)";
				SDKROOT = macosx;
				SWIFT_EMIT_LOC_STRINGS = NO;
				SWIFT_VERSION = 5.0;
				TEST_TARGET_NAME = "WeatherFAll (macOS)";
			};
			name = Debug;
		};
		F4240A16275D5B81009B5A32 /* Release */ = {
			isa = XCBuildConfiguration;
			buildSettings = {
				ALWAYS_EMBED_SWIFT_STANDARD_LIBRARIES = YES;
				CODE_SIGN_STYLE = Automatic;
				COMBINE_HIDPI_IMAGES = YES;
				CURRENT_PROJECT_VERSION = 1;
				DEVELOPMENT_TEAM = RGC4NW33H6;
				GENERATE_INFOPLIST_FILE = YES;
				LD_RUNPATH_SEARCH_PATHS = (
					"$(inherited)",
					"@executable_path/../Frameworks",
					"@loader_path/../Frameworks",
				);
				MACOSX_DEPLOYMENT_TARGET = 11.6;
				MARKETING_VERSION = 1.0;
				PRODUCT_BUNDLE_IDENTIFIER = "com.S10House.Tests-macOS";
				PRODUCT_NAME = "$(TARGET_NAME)";
				SDKROOT = macosx;
				SWIFT_EMIT_LOC_STRINGS = NO;
				SWIFT_VERSION = 5.0;
				TEST_TARGET_NAME = "WeatherFAll (macOS)";
			};
			name = Release;
		};
		F4B8753727647F9400B7375A /* Debug */ = {
			isa = XCBuildConfiguration;
			buildSettings = {
				CODE_SIGN_STYLE = Automatic;
				CURRENT_PROJECT_VERSION = 1;
				DEVELOPMENT_TEAM = RGC4NW33H6;
				MARKETING_VERSION = 1.0;
				PRODUCT_BUNDLE_IDENTIFIER = com.S10House.WeatherFAllWatch;
				PRODUCT_NAME = "$(TARGET_NAME)";
				SDKROOT = iphoneos;
				SWIFT_VERSION = 5.0;
			};
			name = Debug;
		};
		F4B8753827647F9400B7375A /* Release */ = {
			isa = XCBuildConfiguration;
			buildSettings = {
				CODE_SIGN_STYLE = Automatic;
				CURRENT_PROJECT_VERSION = 1;
				DEVELOPMENT_TEAM = RGC4NW33H6;
				MARKETING_VERSION = 1.0;
				PRODUCT_BUNDLE_IDENTIFIER = com.S10House.WeatherFAllWatch;
				PRODUCT_NAME = "$(TARGET_NAME)";
				SDKROOT = iphoneos;
				SWIFT_VERSION = 5.0;
				VALIDATE_PRODUCT = YES;
			};
			name = Release;
		};
		F4B8753A27647F9400B7375A /* Debug */ = {
			isa = XCBuildConfiguration;
			buildSettings = {
				ALWAYS_EMBED_SWIFT_STANDARD_LIBRARIES = YES;
				ASSETCATALOG_COMPILER_APPICON_NAME = AppIcon;
				ASSETCATALOG_COMPILER_GLOBAL_ACCENT_COLOR_NAME = AccentColor;
				CODE_SIGN_STYLE = Automatic;
				CURRENT_PROJECT_VERSION = 1;
				DEVELOPMENT_TEAM = RGC4NW33H6;
				GENERATE_INFOPLIST_FILE = YES;
				IBSC_MODULE = WeatherFAllWatch_WatchKit_Extension;
				INFOPLIST_KEY_CFBundleDisplayName = "WeatherFAllWatch WatchKit App";
				INFOPLIST_KEY_UISupportedInterfaceOrientations = "UIInterfaceOrientationPortrait UIInterfaceOrientationPortraitUpsideDown";
				MARKETING_VERSION = 1.0;
				PRODUCT_BUNDLE_IDENTIFIER = com.S10House.WeatherFAllWatch.watchkitapp;
				PRODUCT_NAME = "$(TARGET_NAME)";
				SDKROOT = watchos;
				SKIP_INSTALL = YES;
				SWIFT_EMIT_LOC_STRINGS = YES;
				SWIFT_VERSION = 5.0;
				TARGETED_DEVICE_FAMILY = 4;
				WATCHOS_DEPLOYMENT_TARGET = 8.0;
			};
			name = Debug;
		};
		F4B8753B27647F9400B7375A /* Release */ = {
			isa = XCBuildConfiguration;
			buildSettings = {
				ALWAYS_EMBED_SWIFT_STANDARD_LIBRARIES = YES;
				ASSETCATALOG_COMPILER_APPICON_NAME = AppIcon;
				ASSETCATALOG_COMPILER_GLOBAL_ACCENT_COLOR_NAME = AccentColor;
				CODE_SIGN_STYLE = Automatic;
				CURRENT_PROJECT_VERSION = 1;
				DEVELOPMENT_TEAM = RGC4NW33H6;
				GENERATE_INFOPLIST_FILE = YES;
				IBSC_MODULE = WeatherFAllWatch_WatchKit_Extension;
				INFOPLIST_KEY_CFBundleDisplayName = "WeatherFAllWatch WatchKit App";
				INFOPLIST_KEY_UISupportedInterfaceOrientations = "UIInterfaceOrientationPortrait UIInterfaceOrientationPortraitUpsideDown";
				MARKETING_VERSION = 1.0;
				PRODUCT_BUNDLE_IDENTIFIER = com.S10House.WeatherFAllWatch.watchkitapp;
				PRODUCT_NAME = "$(TARGET_NAME)";
				SDKROOT = watchos;
				SKIP_INSTALL = YES;
				SWIFT_EMIT_LOC_STRINGS = YES;
				SWIFT_VERSION = 5.0;
				TARGETED_DEVICE_FAMILY = 4;
				VALIDATE_PRODUCT = YES;
				WATCHOS_DEPLOYMENT_TARGET = 8.0;
			};
			name = Release;
		};
		F4B8753D27647F9400B7375A /* Debug */ = {
			isa = XCBuildConfiguration;
			buildSettings = {
				ASSETCATALOG_COMPILER_COMPLICATION_NAME = Complication;
				CODE_SIGN_STYLE = Automatic;
				CURRENT_PROJECT_VERSION = 1;
				DEVELOPMENT_ASSET_PATHS = "\"WeatherFAllWatch WatchKit Extension/Preview Content\"";
				DEVELOPMENT_TEAM = RGC4NW33H6;
				ENABLE_PREVIEWS = YES;
				GENERATE_INFOPLIST_FILE = YES;
				INFOPLIST_FILE = "WeatherFAllWatch WatchKit Extension/Info.plist";
				INFOPLIST_KEY_CFBundleDisplayName = "WeatherFAllWatch WatchKit Extension";
				INFOPLIST_KEY_CLKComplicationPrincipalClass = "$(PRODUCT_MODULE_NAME).ComplicationController";
				INFOPLIST_KEY_NSHumanReadableCopyright = "";
				INFOPLIST_KEY_WKWatchOnly = YES;
				LD_RUNPATH_SEARCH_PATHS = (
					"$(inherited)",
					"@executable_path/Frameworks",
					"@executable_path/../../Frameworks",
				);
				MARKETING_VERSION = 1.0;
				PRODUCT_BUNDLE_IDENTIFIER = com.S10House.WeatherFAllWatch.watchkitapp.watchkitextension;
				PRODUCT_NAME = "${TARGET_NAME}";
				SDKROOT = watchos;
				SKIP_INSTALL = YES;
				SWIFT_EMIT_LOC_STRINGS = YES;
				SWIFT_VERSION = 5.0;
				TARGETED_DEVICE_FAMILY = 4;
				WATCHOS_DEPLOYMENT_TARGET = 8.0;
			};
			name = Debug;
		};
		F4B8753E27647F9400B7375A /* Release */ = {
			isa = XCBuildConfiguration;
			buildSettings = {
				ASSETCATALOG_COMPILER_COMPLICATION_NAME = Complication;
				CODE_SIGN_STYLE = Automatic;
				CURRENT_PROJECT_VERSION = 1;
				DEVELOPMENT_ASSET_PATHS = "\"WeatherFAllWatch WatchKit Extension/Preview Content\"";
				DEVELOPMENT_TEAM = RGC4NW33H6;
				ENABLE_PREVIEWS = YES;
				GENERATE_INFOPLIST_FILE = YES;
				INFOPLIST_FILE = "WeatherFAllWatch WatchKit Extension/Info.plist";
				INFOPLIST_KEY_CFBundleDisplayName = "WeatherFAllWatch WatchKit Extension";
				INFOPLIST_KEY_CLKComplicationPrincipalClass = "$(PRODUCT_MODULE_NAME).ComplicationController";
				INFOPLIST_KEY_NSHumanReadableCopyright = "";
				INFOPLIST_KEY_WKWatchOnly = YES;
				LD_RUNPATH_SEARCH_PATHS = (
					"$(inherited)",
					"@executable_path/Frameworks",
					"@executable_path/../../Frameworks",
				);
				MARKETING_VERSION = 1.0;
				PRODUCT_BUNDLE_IDENTIFIER = com.S10House.WeatherFAllWatch.watchkitapp.watchkitextension;
				PRODUCT_NAME = "${TARGET_NAME}";
				SDKROOT = watchos;
				SKIP_INSTALL = YES;
				SWIFT_EMIT_LOC_STRINGS = YES;
				SWIFT_VERSION = 5.0;
				TARGETED_DEVICE_FAMILY = 4;
				VALIDATE_PRODUCT = YES;
				WATCHOS_DEPLOYMENT_TARGET = 8.0;
			};
			name = Release;
		};
		F4B8753F27647F9400B7375A /* Debug */ = {
			isa = XCBuildConfiguration;
			buildSettings = {
				ALWAYS_EMBED_SWIFT_STANDARD_LIBRARIES = YES;
				BUNDLE_LOADER = "$(TEST_HOST)";
				CODE_SIGN_STYLE = Automatic;
				CURRENT_PROJECT_VERSION = 1;
				DEVELOPMENT_TEAM = RGC4NW33H6;
				GENERATE_INFOPLIST_FILE = YES;
				LD_RUNPATH_SEARCH_PATHS = (
					"$(inherited)",
					"@executable_path/Frameworks",
					"@loader_path/Frameworks",
				);
				MARKETING_VERSION = 1.0;
				PRODUCT_BUNDLE_IDENTIFIER = com.S10House.WeatherFAllWatchTests;
				PRODUCT_NAME = "$(TARGET_NAME)";
				SDKROOT = watchos;
				SWIFT_EMIT_LOC_STRINGS = NO;
				SWIFT_VERSION = 5.0;
				TARGETED_DEVICE_FAMILY = 4;
				TEST_HOST = "$(BUILT_PRODUCTS_DIR)/WeatherFAllWatch WatchKit Extension.appex/WeatherFAllWatch WatchKit Extension";
				WATCHOS_DEPLOYMENT_TARGET = 8.0;
			};
			name = Debug;
		};
		F4B8754027647F9400B7375A /* Release */ = {
			isa = XCBuildConfiguration;
			buildSettings = {
				ALWAYS_EMBED_SWIFT_STANDARD_LIBRARIES = YES;
				BUNDLE_LOADER = "$(TEST_HOST)";
				CODE_SIGN_STYLE = Automatic;
				CURRENT_PROJECT_VERSION = 1;
				DEVELOPMENT_TEAM = RGC4NW33H6;
				GENERATE_INFOPLIST_FILE = YES;
				LD_RUNPATH_SEARCH_PATHS = (
					"$(inherited)",
					"@executable_path/Frameworks",
					"@loader_path/Frameworks",
				);
				MARKETING_VERSION = 1.0;
				PRODUCT_BUNDLE_IDENTIFIER = com.S10House.WeatherFAllWatchTests;
				PRODUCT_NAME = "$(TARGET_NAME)";
				SDKROOT = watchos;
				SWIFT_EMIT_LOC_STRINGS = NO;
				SWIFT_VERSION = 5.0;
				TARGETED_DEVICE_FAMILY = 4;
				TEST_HOST = "$(BUILT_PRODUCTS_DIR)/WeatherFAllWatch WatchKit Extension.appex/WeatherFAllWatch WatchKit Extension";
				VALIDATE_PRODUCT = YES;
				WATCHOS_DEPLOYMENT_TARGET = 8.0;
			};
			name = Release;
		};
		F4B8754127647F9400B7375A /* Debug */ = {
			isa = XCBuildConfiguration;
			buildSettings = {
				CODE_SIGN_STYLE = Automatic;
				CURRENT_PROJECT_VERSION = 1;
				DEVELOPMENT_TEAM = RGC4NW33H6;
				GENERATE_INFOPLIST_FILE = YES;
				LD_RUNPATH_SEARCH_PATHS = (
					"$(inherited)",
					"@executable_path/Frameworks",
					"@loader_path/Frameworks",
				);
				MARKETING_VERSION = 1.0;
				PRODUCT_BUNDLE_IDENTIFIER = com.S10House.WeatherFAllWatchUITests;
				PRODUCT_NAME = "$(TARGET_NAME)";
				SDKROOT = watchos;
				SWIFT_EMIT_LOC_STRINGS = NO;
				SWIFT_VERSION = 5.0;
				TARGETED_DEVICE_FAMILY = 4;
				TEST_TARGET_NAME = "WeatherFAllWatch WatchKit App";
				WATCHOS_DEPLOYMENT_TARGET = 8.0;
			};
			name = Debug;
		};
		F4B8754227647F9400B7375A /* Release */ = {
			isa = XCBuildConfiguration;
			buildSettings = {
				CODE_SIGN_STYLE = Automatic;
				CURRENT_PROJECT_VERSION = 1;
				DEVELOPMENT_TEAM = RGC4NW33H6;
				GENERATE_INFOPLIST_FILE = YES;
				LD_RUNPATH_SEARCH_PATHS = (
					"$(inherited)",
					"@executable_path/Frameworks",
					"@loader_path/Frameworks",
				);
				MARKETING_VERSION = 1.0;
				PRODUCT_BUNDLE_IDENTIFIER = com.S10House.WeatherFAllWatchUITests;
				PRODUCT_NAME = "$(TARGET_NAME)";
				SDKROOT = watchos;
				SWIFT_EMIT_LOC_STRINGS = NO;
				SWIFT_VERSION = 5.0;
				TARGETED_DEVICE_FAMILY = 4;
				TEST_TARGET_NAME = "WeatherFAllWatch WatchKit App";
				VALIDATE_PRODUCT = YES;
				WATCHOS_DEPLOYMENT_TARGET = 8.0;
			};
			name = Release;
		};
		F4B8757227647FFB00B7375A /* Debug */ = {
			isa = XCBuildConfiguration;
			buildSettings = {
				ASSETCATALOG_COMPILER_APPICON_NAME = "App Icon & Top Shelf Image";
				ASSETCATALOG_COMPILER_GLOBAL_ACCENT_COLOR_NAME = AccentColor;
				CODE_SIGN_STYLE = Automatic;
				CURRENT_PROJECT_VERSION = 1;
				DEVELOPMENT_ASSET_PATHS = "\"WeatherFAllTV/Preview Content\"";
				DEVELOPMENT_TEAM = RGC4NW33H6;
				ENABLE_PREVIEWS = YES;
				GENERATE_INFOPLIST_FILE = YES;
				INFOPLIST_KEY_UILaunchScreen_Generation = YES;
				INFOPLIST_KEY_UIUserInterfaceStyle = Automatic;
				LD_RUNPATH_SEARCH_PATHS = (
					"$(inherited)",
					"@executable_path/Frameworks",
				);
				MARKETING_VERSION = 1.0;
				PRODUCT_BUNDLE_IDENTIFIER = com.S10House.WeatherFAllTV;
				PRODUCT_NAME = "$(TARGET_NAME)";
				SDKROOT = appletvos;
				SWIFT_EMIT_LOC_STRINGS = YES;
				SWIFT_VERSION = 5.0;
				TARGETED_DEVICE_FAMILY = 3;
				TVOS_DEPLOYMENT_TARGET = 15.0;
			};
			name = Debug;
		};
		F4B8757327647FFB00B7375A /* Release */ = {
			isa = XCBuildConfiguration;
			buildSettings = {
				ASSETCATALOG_COMPILER_APPICON_NAME = "App Icon & Top Shelf Image";
				ASSETCATALOG_COMPILER_GLOBAL_ACCENT_COLOR_NAME = AccentColor;
				CODE_SIGN_STYLE = Automatic;
				CURRENT_PROJECT_VERSION = 1;
				DEVELOPMENT_ASSET_PATHS = "\"WeatherFAllTV/Preview Content\"";
				DEVELOPMENT_TEAM = RGC4NW33H6;
				ENABLE_PREVIEWS = YES;
				GENERATE_INFOPLIST_FILE = YES;
				INFOPLIST_KEY_UILaunchScreen_Generation = YES;
				INFOPLIST_KEY_UIUserInterfaceStyle = Automatic;
				LD_RUNPATH_SEARCH_PATHS = (
					"$(inherited)",
					"@executable_path/Frameworks",
				);
				MARKETING_VERSION = 1.0;
				PRODUCT_BUNDLE_IDENTIFIER = com.S10House.WeatherFAllTV;
				PRODUCT_NAME = "$(TARGET_NAME)";
				SDKROOT = appletvos;
				SWIFT_EMIT_LOC_STRINGS = YES;
				SWIFT_VERSION = 5.0;
				TARGETED_DEVICE_FAMILY = 3;
				TVOS_DEPLOYMENT_TARGET = 15.0;
				VALIDATE_PRODUCT = YES;
			};
			name = Release;
		};
		F4B8757527647FFB00B7375A /* Debug */ = {
			isa = XCBuildConfiguration;
			buildSettings = {
				ALWAYS_EMBED_SWIFT_STANDARD_LIBRARIES = YES;
				BUNDLE_LOADER = "$(TEST_HOST)";
				CODE_SIGN_STYLE = Automatic;
				CURRENT_PROJECT_VERSION = 1;
				DEVELOPMENT_TEAM = RGC4NW33H6;
				GENERATE_INFOPLIST_FILE = YES;
				LD_RUNPATH_SEARCH_PATHS = (
					"$(inherited)",
					"@executable_path/Frameworks",
					"@loader_path/Frameworks",
				);
				MARKETING_VERSION = 1.0;
				PRODUCT_BUNDLE_IDENTIFIER = com.S10House.WeatherFAllTVTests;
				PRODUCT_NAME = "$(TARGET_NAME)";
				SDKROOT = appletvos;
				SWIFT_EMIT_LOC_STRINGS = NO;
				SWIFT_VERSION = 5.0;
				TARGETED_DEVICE_FAMILY = 3;
				TEST_HOST = "$(BUILT_PRODUCTS_DIR)/WeatherFAllTV.app/WeatherFAllTV";
				TVOS_DEPLOYMENT_TARGET = 15.0;
			};
			name = Debug;
		};
		F4B8757627647FFB00B7375A /* Release */ = {
			isa = XCBuildConfiguration;
			buildSettings = {
				ALWAYS_EMBED_SWIFT_STANDARD_LIBRARIES = YES;
				BUNDLE_LOADER = "$(TEST_HOST)";
				CODE_SIGN_STYLE = Automatic;
				CURRENT_PROJECT_VERSION = 1;
				DEVELOPMENT_TEAM = RGC4NW33H6;
				GENERATE_INFOPLIST_FILE = YES;
				LD_RUNPATH_SEARCH_PATHS = (
					"$(inherited)",
					"@executable_path/Frameworks",
					"@loader_path/Frameworks",
				);
				MARKETING_VERSION = 1.0;
				PRODUCT_BUNDLE_IDENTIFIER = com.S10House.WeatherFAllTVTests;
				PRODUCT_NAME = "$(TARGET_NAME)";
				SDKROOT = appletvos;
				SWIFT_EMIT_LOC_STRINGS = NO;
				SWIFT_VERSION = 5.0;
				TARGETED_DEVICE_FAMILY = 3;
				TEST_HOST = "$(BUILT_PRODUCTS_DIR)/WeatherFAllTV.app/WeatherFAllTV";
				TVOS_DEPLOYMENT_TARGET = 15.0;
				VALIDATE_PRODUCT = YES;
			};
			name = Release;
		};
		F4B8757827647FFB00B7375A /* Debug */ = {
			isa = XCBuildConfiguration;
			buildSettings = {
				ALWAYS_EMBED_SWIFT_STANDARD_LIBRARIES = YES;
				CODE_SIGN_STYLE = Automatic;
				CURRENT_PROJECT_VERSION = 1;
				DEVELOPMENT_TEAM = RGC4NW33H6;
				GENERATE_INFOPLIST_FILE = YES;
				LD_RUNPATH_SEARCH_PATHS = (
					"$(inherited)",
					"@executable_path/Frameworks",
					"@loader_path/Frameworks",
				);
				MARKETING_VERSION = 1.0;
				PRODUCT_BUNDLE_IDENTIFIER = com.S10House.WeatherFAllTVUITests;
				PRODUCT_NAME = "$(TARGET_NAME)";
				SDKROOT = appletvos;
				SWIFT_EMIT_LOC_STRINGS = NO;
				SWIFT_VERSION = 5.0;
				TARGETED_DEVICE_FAMILY = 3;
				TEST_TARGET_NAME = WeatherFAllTV;
				TVOS_DEPLOYMENT_TARGET = 15.0;
			};
			name = Debug;
		};
		F4B8757927647FFB00B7375A /* Release */ = {
			isa = XCBuildConfiguration;
			buildSettings = {
				ALWAYS_EMBED_SWIFT_STANDARD_LIBRARIES = YES;
				CODE_SIGN_STYLE = Automatic;
				CURRENT_PROJECT_VERSION = 1;
				DEVELOPMENT_TEAM = RGC4NW33H6;
				GENERATE_INFOPLIST_FILE = YES;
				LD_RUNPATH_SEARCH_PATHS = (
					"$(inherited)",
					"@executable_path/Frameworks",
					"@loader_path/Frameworks",
				);
				MARKETING_VERSION = 1.0;
				PRODUCT_BUNDLE_IDENTIFIER = com.S10House.WeatherFAllTVUITests;
				PRODUCT_NAME = "$(TARGET_NAME)";
				SDKROOT = appletvos;
				SWIFT_EMIT_LOC_STRINGS = NO;
				SWIFT_VERSION = 5.0;
				TARGETED_DEVICE_FAMILY = 3;
				TEST_TARGET_NAME = WeatherFAllTV;
				TVOS_DEPLOYMENT_TARGET = 15.0;
				VALIDATE_PRODUCT = YES;
			};
			name = Release;
		};
/* End XCBuildConfiguration section */

/* Begin XCConfigurationList section */
		F42409D2275D5B7B009B5A32 /* Build configuration list for PBXProject "WeatherFAll" */ = {
			isa = XCConfigurationList;
			buildConfigurations = (
				F4240A09275D5B81009B5A32 /* Debug */,
				F4240A0A275D5B81009B5A32 /* Release */,
			);
			defaultConfigurationIsVisible = 0;
			defaultConfigurationName = Release;
		};
		F4240A0B275D5B81009B5A32 /* Build configuration list for PBXNativeTarget "WeatherFAll (iOS)" */ = {
			isa = XCConfigurationList;
			buildConfigurations = (
				F4240A0C275D5B81009B5A32 /* Debug */,
				F4240A0D275D5B81009B5A32 /* Release */,
			);
			defaultConfigurationIsVisible = 0;
			defaultConfigurationName = Release;
		};
		F4240A0E275D5B81009B5A32 /* Build configuration list for PBXNativeTarget "WeatherFAll (macOS)" */ = {
			isa = XCConfigurationList;
			buildConfigurations = (
				F4240A0F275D5B81009B5A32 /* Debug */,
				F4240A10275D5B81009B5A32 /* Release */,
			);
			defaultConfigurationIsVisible = 0;
			defaultConfigurationName = Release;
		};
		F4240A11275D5B81009B5A32 /* Build configuration list for PBXNativeTarget "Tests iOS" */ = {
			isa = XCConfigurationList;
			buildConfigurations = (
				F4240A12275D5B81009B5A32 /* Debug */,
				F4240A13275D5B81009B5A32 /* Release */,
			);
			defaultConfigurationIsVisible = 0;
			defaultConfigurationName = Release;
		};
		F4240A14275D5B81009B5A32 /* Build configuration list for PBXNativeTarget "Tests macOS" */ = {
			isa = XCConfigurationList;
			buildConfigurations = (
				F4240A15275D5B81009B5A32 /* Debug */,
				F4240A16275D5B81009B5A32 /* Release */,
			);
			defaultConfigurationIsVisible = 0;
			defaultConfigurationName = Release;
		};
		F4B8754327647F9400B7375A /* Build configuration list for PBXNativeTarget "WeatherFAllWatch WatchKit Extension" */ = {
			isa = XCConfigurationList;
			buildConfigurations = (
				F4B8753D27647F9400B7375A /* Debug */,
				F4B8753E27647F9400B7375A /* Release */,
			);
			defaultConfigurationIsVisible = 0;
			defaultConfigurationName = Release;
		};
		F4B8754427647F9400B7375A /* Build configuration list for PBXNativeTarget "WeatherFAllWatch WatchKit App" */ = {
			isa = XCConfigurationList;
			buildConfigurations = (
				F4B8753A27647F9400B7375A /* Debug */,
				F4B8753B27647F9400B7375A /* Release */,
			);
			defaultConfigurationIsVisible = 0;
			defaultConfigurationName = Release;
		};
		F4B8754527647F9400B7375A /* Build configuration list for PBXNativeTarget "WeatherFAllWatch" */ = {
			isa = XCConfigurationList;
			buildConfigurations = (
				F4B8753727647F9400B7375A /* Debug */,
				F4B8753827647F9400B7375A /* Release */,
			);
			defaultConfigurationIsVisible = 0;
			defaultConfigurationName = Release;
		};
		F4B8754627647F9400B7375A /* Build configuration list for PBXNativeTarget "WeatherFAllWatchTests" */ = {
			isa = XCConfigurationList;
			buildConfigurations = (
				F4B8753F27647F9400B7375A /* Debug */,
				F4B8754027647F9400B7375A /* Release */,
			);
			defaultConfigurationIsVisible = 0;
			defaultConfigurationName = Release;
		};
		F4B8754727647F9400B7375A /* Build configuration list for PBXNativeTarget "WeatherFAllWatchUITests" */ = {
			isa = XCConfigurationList;
			buildConfigurations = (
				F4B8754127647F9400B7375A /* Debug */,
				F4B8754227647F9400B7375A /* Release */,
			);
			defaultConfigurationIsVisible = 0;
			defaultConfigurationName = Release;
		};
		F4B8757127647FFB00B7375A /* Build configuration list for PBXNativeTarget "WeatherFAllTV" */ = {
			isa = XCConfigurationList;
			buildConfigurations = (
				F4B8757227647FFB00B7375A /* Debug */,
				F4B8757327647FFB00B7375A /* Release */,
			);
			defaultConfigurationIsVisible = 0;
			defaultConfigurationName = Release;
		};
		F4B8757427647FFB00B7375A /* Build configuration list for PBXNativeTarget "WeatherFAllTVTests" */ = {
			isa = XCConfigurationList;
			buildConfigurations = (
				F4B8757527647FFB00B7375A /* Debug */,
				F4B8757627647FFB00B7375A /* Release */,
			);
			defaultConfigurationIsVisible = 0;
			defaultConfigurationName = Release;
		};
		F4B8757727647FFB00B7375A /* Build configuration list for PBXNativeTarget "WeatherFAllTVUITests" */ = {
			isa = XCConfigurationList;
			buildConfigurations = (
				F4B8757827647FFB00B7375A /* Debug */,
				F4B8757927647FFB00B7375A /* Release */,
			);
			defaultConfigurationIsVisible = 0;
			defaultConfigurationName = Release;
		};
/* End XCConfigurationList section */

/* Begin XCVersionGroup section */
		F42409D4275D5B7C009B5A32 /* WeatherFAll.xcdatamodeld */ = {
			isa = XCVersionGroup;
			children = (
				F42409D5275D5B7C009B5A32 /* Shared.xcdatamodel */,
			);
			currentVersion = F42409D5275D5B7C009B5A32 /* Shared.xcdatamodel */;
			path = WeatherFAll.xcdatamodeld;
			sourceTree = "<group>";
			versionGroupType = wrapper.xcdatamodel;
		};
		F4B8755927647FFA00B7375A /* WeatherFAllTV.xcdatamodeld */ = {
			isa = XCVersionGroup;
			children = (
			);
			path = WeatherFAllTV.xcdatamodeld;
			sourceTree = "<group>";
			versionGroupType = wrapper.xcdatamodel;
		};
/* End XCVersionGroup section */
	};
	rootObject = F42409CF275D5B7B009B5A32 /* Project object */;
}
